Microsoft Visual Studio Solution File, Format Version 11.00
# Visual Studio 2010
Project("{8BC9CEB8-8B4A-11D0-8D11-00A0C91BC942}") = "ALL_BUILD", "ALL_BUILD.vcxproj", "{FC94BEE0-DD70-4AB3-9736-DF92FDE41D22}"
	ProjectSection(ProjectDependencies) = postProject
		{7A34DD05-28DC-4393-BCD3-4F891C21FC31} = {7A34DD05-28DC-4393-BCD3-4F891C21FC31}
	EndProjectSection
EndProject
Project("{8BC9CEB8-8B4A-11D0-8D11-00A0C91BC942}") = "INSTALL", "INSTALL.vcxproj", "{79E94564-927C-4559-B7C5-D7527D6C1433}"
	ProjectSection(ProjectDependencies) = postProject
		{FC94BEE0-DD70-4AB3-9736-DF92FDE41D22} = {FC94BEE0-DD70-4AB3-9736-DF92FDE41D22}
	EndProjectSection
EndProject
Project("{8BC9CEB8-8B4A-11D0-8D11-00A0C91BC942}") = "OgreMain", "..\..\OgreMain\OgreMain.vcxproj", "{64726904-EFF0-4191-A161-5980F9E8B273}"
	ProjectSection(ProjectDependencies) = postProject
	EndProjectSection
EndProject
Project("{8BC9CEB8-8B4A-11D0-8D11-00A0C91BC942}") = "OgreRTShaderSystem", "OgreRTShaderSystem.vcxproj", "{7A34DD05-28DC-4393-BCD3-4F891C21FC31}"
	ProjectSection(ProjectDependencies) = postProject
		{64726904-EFF0-4191-A161-5980F9E8B273} = {64726904-EFF0-4191-A161-5980F9E8B273}
	EndProjectSection
EndProject
Project("{8BC9CEB8-8B4A-11D0-8D11-00A0C91BC942}") = "PACKAGE", "PACKAGE.vcxproj", "{2798E5A4-4554-4A06-A686-8C89F6510261}"
	ProjectSection(ProjectDependencies) = postProject
		{FC94BEE0-DD70-4AB3-9736-DF92FDE41D22} = {FC94BEE0-DD70-4AB3-9736-DF92FDE41D22}
	EndProjectSection
EndProject
Global
	GlobalSection(SolutionConfigurationPlatforms) = preSolution
		Debug|Win32 = Debug|Win32
		Release|Win32 = Release|Win32
		MinSizeRel|Win32 = MinSizeRel|Win32
		RelWithDebInfo|Win32 = RelWithDebInfo|Win32
	EndGlobalSection
	GlobalSection(ProjectConfigurationPlatforms) = postSolution
		{FC94BEE0-DD70-4AB3-9736-DF92FDE41D22}.Debug|Win32.ActiveCfg = Debug|Win32
		{FC94BEE0-DD70-4AB3-9736-DF92FDE41D22}.Debug|Win32.Build.0 = Debug|Win32
		{FC94BEE0-DD70-4AB3-9736-DF92FDE41D22}.Release|Win32.ActiveCfg = Release|Win32
		{FC94BEE0-DD70-4AB3-9736-DF92FDE41D22}.Release|Win32.Build.0 = Release|Win32
		{FC94BEE0-DD70-4AB3-9736-DF92FDE41D22}.MinSizeRel|Win32.ActiveCfg = MinSizeRel|Win32
		{FC94BEE0-DD70-4AB3-9736-DF92FDE41D22}.MinSizeRel|Win32.Build.0 = MinSizeRel|Win32
		{FC94BEE0-DD70-4AB3-9736-DF92FDE41D22}.RelWithDebInfo|Win32.ActiveCfg = RelWithDebInfo|Win32
		{FC94BEE0-DD70-4AB3-9736-DF92FDE41D22}.RelWithDebInfo|Win32.Build.0 = RelWithDebInfo|Win32
		{79E94564-927C-4559-B7C5-D7527D6C1433}.Debug|Win32.ActiveCfg = Debug|Win32
		{79E94564-927C-4559-B7C5-D7527D6C1433}.Release|Win32.ActiveCfg = Release|Win32
		{79E94564-927C-4559-B7C5-D7527D6C1433}.MinSizeRel|Win32.ActiveCfg = MinSizeRel|Win32
		{79E94564-927C-4559-B7C5-D7527D6C1433}.RelWithDebInfo|Win32.ActiveCfg = RelWithDebInfo|Win32
		{64726904-EFF0-4191-A161-5980F9E8B273}.Debug|Win32.ActiveCfg = Debug|Win32
		{64726904-EFF0-4191-A161-5980F9E8B273}.Debug|Win32.Build.0 = Debug|Win32
		{64726904-EFF0-4191-A161-5980F9E8B273}.Release|Win32.ActiveCfg = Release|Win32
		{64726904-EFF0-4191-A161-5980F9E8B273}.Release|Win32.Build.0 = Release|Win32
		{64726904-EFF0-4191-A161-5980F9E8B273}.MinSizeRel|Win32.ActiveCfg = MinSizeRel|Win32
		{64726904-EFF0-4191-A161-5980F9E8B273}.MinSizeRel|Win32.Build.0 = MinSizeRel|Win32
		{64726904-EFF0-4191-A161-5980F9E8B273}.RelWithDebInfo|Win32.ActiveCfg = RelWithDebInfo|Win32
		{64726904-EFF0-4191-A161-5980F9E8B273}.RelWithDebInfo|Win32.Build.0 = RelWithDebInfo|Win32
		{7A34DD05-28DC-4393-BCD3-4F891C21FC31}.Debug|Win32.ActiveCfg = Debug|Win32
		{7A34DD05-28DC-4393-BCD3-4F891C21FC31}.Debug|Win32.Build.0 = Debug|Win32
		{7A34DD05-28DC-4393-BCD3-4F891C21FC31}.Release|Win32.ActiveCfg = Release|Win32
		{7A34DD05-28DC-4393-BCD3-4F891C21FC31}.Release|Win32.Build.0 = Release|Win32
		{7A34DD05-28DC-4393-BCD3-4F891C21FC31}.MinSizeRel|Win32.ActiveCfg = MinSizeRel|Win32
		{7A34DD05-28DC-4393-BCD3-4F891C21FC31}.MinSizeRel|Win32.Build.0 = MinSizeRel|Win32
		{7A34DD05-28DC-4393-BCD3-4F891C21FC31}.RelWithDebInfo|Win32.ActiveCfg = RelWithDebInfo|Win32
		{7A34DD05-28DC-4393-BCD3-4F891C21FC31}.RelWithDebInfo|Win32.Build.0 = RelWithDebInfo|Win32
		{2798E5A4-4554-4A06-A686-8C89F6510261}.Debug|Win32.ActiveCfg = Debug|Win32
		{2798E5A4-4554-4A06-A686-8C89F6510261}.Release|Win32.ActiveCfg = Release|Win32
		{2798E5A4-4554-4A06-A686-8C89F6510261}.MinSizeRel|Win32.ActiveCfg = MinSizeRel|Win32
		{2798E5A4-4554-4A06-A686-8C89F6510261}.RelWithDebInfo|Win32.ActiveCfg = RelWithDebInfo|Win32
	EndGlobalSection
	GlobalSection(ExtensibilityGlobals) = postSolution
	EndGlobalSection
	GlobalSection(ExtensibilityAddIns) = postSolution
	EndGlobalSection
EndGlobal
