<?xml version="1.0" encoding="utf-8"?>
<Project ToolsVersion="4.0" xmlns="http://schemas.microsoft.com/developer/msbuild/2003">
  <ItemGroup>
    <ClCompile Include="Plugin.cpp">
      <Filter>Source Files</Filter>
    </ClCompile>
    <ClCompile Include="FlashValue.cpp">
      <Filter>Source Files</Filter>
    </ClCompile>
    <ClCompile Include="RenderBuffer.cpp">
      <Filter>Source Files</Filter>
    </ClCompile>
    <ClCompile Include="FlashControl.cpp">
      <Filter>Source Files</Filter>
    </ClCompile>
    <ClCompile Include="HikariWidget.cpp">
      <Filter>Source Files</Filter>
    </ClCompile>
    <ClCompile Include="KeyboardHook.cpp">
      <Filter>Source Files</Filter>
    </ClCompile>
  </ItemGroup>
  <ItemGroup>
    <ClInclude Include="Plugin.h">
      <Filter>Header Files</Filter>
    </ClInclude>
    <ClInclude Include="FlashControl.h">
      <Filter>Header Files</Filter>
    </ClInclude>
    <ClInclude Include="RenderBuffer.h">
      <Filter>Header Files</Filter>
    </ClInclude>
    <ClInclude Include="FlashHandler.h">
      <Filter>Header Files</Filter>
    </ClInclude>
    <ClInclude Include="FlashSite.h">
      <Filter>Header Files</Filter>
    </ClInclude>
    <ClInclude Include="FlashValue.h">
      <Filter>Header Files</Filter>
    </ClInclude>
    <ClInclude Include="HikariWidget.h">
      <Filter>Header Files</Filter>
    </ClInclude>
    <ClInclude Include="KeyboardHook.h">
      <Filter>Header Files</Filter>
    </ClInclude>
    <ClInclude Include="KeyboardHookImpl.h">
      <Filter>Header Files</Filter>
    </ClInclude>
  </ItemGroup>
  <ItemGroup>
    <Filter Include="Source Files">
      <UniqueIdentifier>{9C8058A4-9A89-4387-88FC-F822627BDB0C}</UniqueIdentifier>
    </Filter>
    <Filter Include="Header Files">
      <UniqueIdentifier>{75001DB6-E090-41D7-B532-4DB2126BE087}</UniqueIdentifier>
    </Filter>
  </ItemGroup>
  <ItemGroup>
  </ItemGroup>
</Project>