<?xml version="1.0" encoding="utf-8"?>
<Project ToolsVersion="4.0" xmlns="http://schemas.microsoft.com/developer/msbuild/2003">
  <ItemGroup>
    <ClCompile Include="ActionManager.cpp">
      <Filter>Source Files</Filter>
    </ClCompile>
    <ClCompile Include="Application.cpp">
      <Filter>Source Files</Filter>
    </ClCompile>
    <ClCompile Include="AreaSelectorControl.cpp">
      <Filter>Source Files</Filter>
    </ClCompile>
    <ClCompile Include="BackgroundControl.cpp">
      <Filter>Source Files</Filter>
    </ClCompile>
    <ClCompile Include="ColourManager.cpp">
      <Filter>Source Files</Filter>
    </ClCompile>
    <ClCompile Include="ColourPanel.cpp">
      <Filter>Source Files</Filter>
    </ClCompile>
    <ClCompile Include="CommandManager.cpp">
      <Filter>Source Files</Filter>
    </ClCompile>
    <ClCompile Include="..\..\Common\Tools\Dialog.cpp">
      <Filter>Source Files</Filter>
    </ClCompile>
    <ClCompile Include="..\..\Common\Tools\DialogManager.cpp">
      <Filter>Source Files</Filter>
    </ClCompile>
    <ClCompile Include="EditorState.cpp">
      <Filter>Source Files</Filter>
    </ClCompile>
    <ClCompile Include="ExportManager.cpp">
      <Filter>Source Files</Filter>
    </ClCompile>
    <ClCompile Include="Grid.cpp">
      <Filter>Source Files</Filter>
    </ClCompile>
    <ClCompile Include="HorizontalSelectorBlackControl.cpp">
      <Filter>Source Files</Filter>
    </ClCompile>
    <ClCompile Include="HorizontalSelectorControl.cpp">
      <Filter>Source Files</Filter>
    </ClCompile>
    <ClCompile Include="HotKeyManager.cpp">
      <Filter>Source Files</Filter>
    </ClCompile>
    <ClCompile Include="MainMenuControl.cpp">
      <Filter>Source Files</Filter>
    </ClCompile>
    <ClCompile Include="MainPane.cpp">
      <Filter>Source Files</Filter>
    </ClCompile>
    <ClCompile Include="MessageBoxFadeControl.cpp">
      <Filter>Source Files</Filter>
    </ClCompile>
    <ClCompile Include="MessageBoxManager.cpp">
      <Filter>Source Files</Filter>
    </ClCompile>
    <ClCompile Include="MyGUI_FilterNoneSkin.cpp">
      <Filter>Source Files</Filter>
    </ClCompile>
    <ClCompile Include="..\..\Common\Tools\OpenSaveFileDialog.cpp">
      <Filter>Source Files</Filter>
    </ClCompile>
    <ClCompile Include="PositionSelectorBlackControl.cpp">
      <Filter>Source Files</Filter>
    </ClCompile>
    <ClCompile Include="PositionSelectorControl.cpp">
      <Filter>Source Files</Filter>
    </ClCompile>
    <ClCompile Include="Property.cpp">
      <Filter>Source Files</Filter>
    </ClCompile>
    <ClCompile Include="PropertyAlignControl.cpp">
      <Filter>Source Files</Filter>
    </ClCompile>
    <ClCompile Include="PropertyBoolControl.cpp">
      <Filter>Source Files</Filter>
    </ClCompile>
    <ClCompile Include="PropertyColourControl.cpp">
      <Filter>Source Files</Filter>
    </ClCompile>
    <ClCompile Include="PropertyControl.cpp">
      <Filter>Source Files</Filter>
    </ClCompile>
    <ClCompile Include="PropertyInt2Control.cpp">
      <Filter>Source Files</Filter>
    </ClCompile>
    <ClCompile Include="PropertyInt4Control.cpp">
      <Filter>Source Files</Filter>
    </ClCompile>
    <ClCompile Include="PropertyIntControl.cpp">
      <Filter>Source Files</Filter>
    </ClCompile>
    <ClCompile Include="PropertyRegionTypeControl.cpp">
      <Filter>Source Files</Filter>
    </ClCompile>
    <ClCompile Include="PropertySet.cpp">
      <Filter>Source Files</Filter>
    </ClCompile>
    <ClCompile Include="PropertyTexturesControl.cpp">
      <Filter>Source Files</Filter>
    </ClCompile>
    <ClCompile Include="RecentFilesManager.cpp">
      <Filter>Source Files</Filter>
    </ClCompile>
    <ClCompile Include="RegionControl.cpp">
      <Filter>Source Files</Filter>
    </ClCompile>
    <ClCompile Include="RegionItem.cpp">
      <Filter>Source Files</Filter>
    </ClCompile>
    <ClCompile Include="RegionListControl.cpp">
      <Filter>Source Files</Filter>
    </ClCompile>
    <ClCompile Include="RegionPropertyControl.cpp">
      <Filter>Source Files</Filter>
    </ClCompile>
    <ClCompile Include="RegionTextureControl.cpp">
      <Filter>Source Files</Filter>
    </ClCompile>
    <ClCompile Include="SelectorControl.cpp">
      <Filter>Source Files</Filter>
    </ClCompile>
    <ClCompile Include="SeparatorControl.cpp">
      <Filter>Source Files</Filter>
    </ClCompile>
    <ClCompile Include="SeparatorItem.cpp">
      <Filter>Source Files</Filter>
    </ClCompile>
    <ClCompile Include="SeparatorListControl.cpp">
      <Filter>Source Files</Filter>
    </ClCompile>
    <ClCompile Include="SeparatorPropertyControl.cpp">
      <Filter>Source Files</Filter>
    </ClCompile>
    <ClCompile Include="SeparatorTextureControl.cpp">
      <Filter>Source Files</Filter>
    </ClCompile>
    <ClCompile Include="SettingsGeneralControl.cpp">
      <Filter>Source Files</Filter>
    </ClCompile>
    <ClCompile Include="SettingsManager.cpp">
      <Filter>Source Files</Filter>
    </ClCompile>
    <ClCompile Include="SettingsResourcePathsControl.cpp">
      <Filter>Source Files</Filter>
    </ClCompile>
    <ClCompile Include="SettingsResourcesControl.cpp">
      <Filter>Source Files</Filter>
    </ClCompile>
    <ClCompile Include="SettingsSector.cpp">
      <Filter>Source Files</Filter>
    </ClCompile>
    <ClCompile Include="SettingsWindow.cpp">
      <Filter>Source Files</Filter>
    </ClCompile>
    <ClCompile Include="SkinControl.cpp">
      <Filter>Source Files</Filter>
    </ClCompile>
    <ClCompile Include="SkinItem.cpp">
      <Filter>Source Files</Filter>
    </ClCompile>
    <ClCompile Include="SkinListControl.cpp">
      <Filter>Source Files</Filter>
    </ClCompile>
    <ClCompile Include="SkinManager.cpp">
      <Filter>Source Files</Filter>
    </ClCompile>
    <ClCompile Include="SkinPropertyControl.cpp">
      <Filter>Source Files</Filter>
    </ClCompile>
    <ClCompile Include="SkinTextureControl.cpp">
      <Filter>Source Files</Filter>
    </ClCompile>
    <ClCompile Include="StateControl.cpp">
      <Filter>Source Files</Filter>
    </ClCompile>
    <ClCompile Include="StateItem.cpp">
      <Filter>Source Files</Filter>
    </ClCompile>
    <ClCompile Include="StateListControl.cpp">
      <Filter>Source Files</Filter>
    </ClCompile>
    <ClCompile Include="StateManager.cpp">
      <Filter>Source Files</Filter>
    </ClCompile>
    <ClCompile Include="StatePropertyControl.cpp">
      <Filter>Source Files</Filter>
    </ClCompile>
    <ClCompile Include="StateTextureControl.cpp">
      <Filter>Source Files</Filter>
    </ClCompile>
    <ClCompile Include="TestState.cpp">
      <Filter>Source Files</Filter>
    </ClCompile>
    <ClCompile Include="TestWindow.cpp">
      <Filter>Source Files</Filter>
    </ClCompile>
    <ClCompile Include="TextFieldControl.cpp">
      <Filter>Source Files</Filter>
    </ClCompile>
    <ClCompile Include="TextureBrowseCell.cpp">
      <Filter>Source Files</Filter>
    </ClCompile>
    <ClCompile Include="TextureBrowseControl.cpp">
      <Filter>Source Files</Filter>
    </ClCompile>
    <ClCompile Include="TextureControl.cpp">
      <Filter>Source Files</Filter>
    </ClCompile>
    <ClCompile Include="TextureToolControl.cpp">
      <Filter>Source Files</Filter>
    </ClCompile>
    <ClCompile Include="VerticalSelectorBlackControl.cpp">
      <Filter>Source Files</Filter>
    </ClCompile>
    <ClCompile Include="VerticalSelectorControl.cpp">
      <Filter>Source Files</Filter>
    </ClCompile>
    <ClCompile Include="..\..\Common\Precompiled.cpp">
      <Filter>Resources</Filter>
    </ClCompile>
  </ItemGroup>
  <ItemGroup>
    <ClInclude Include="ActionManager.h">
      <Filter>Header Files</Filter>
    </ClInclude>
    <ClInclude Include="Application.h">
      <Filter>Header Files</Filter>
    </ClInclude>
    <ClInclude Include="AreaSelectorControl.h">
      <Filter>Header Files</Filter>
    </ClInclude>
    <ClInclude Include="BackgroundControl.h">
      <Filter>Header Files</Filter>
    </ClInclude>
    <ClInclude Include="Binary.h">
      <Filter>Header Files</Filter>
    </ClInclude>
    <ClInclude Include="ColourManager.h">
      <Filter>Header Files</Filter>
    </ClInclude>
    <ClInclude Include="ColourPanel.h">
      <Filter>Header Files</Filter>
    </ClInclude>
    <ClInclude Include="CommandManager.h">
      <Filter>Header Files</Filter>
    </ClInclude>
    <ClInclude Include="..\..\Common\Tools\Dialog.h">
      <Filter>Header Files</Filter>
    </ClInclude>
    <ClInclude Include="..\..\Common\Tools\DialogManager.h">
      <Filter>Header Files</Filter>
    </ClInclude>
    <ClInclude Include="EditorState.h">
      <Filter>Header Files</Filter>
    </ClInclude>
    <ClInclude Include="ExportManager.h">
      <Filter>Header Files</Filter>
    </ClInclude>
    <ClInclude Include="Grid.h">
      <Filter>Header Files</Filter>
    </ClInclude>
    <ClInclude Include="HorizontalSelectorBlackControl.h">
      <Filter>Header Files</Filter>
    </ClInclude>
    <ClInclude Include="HorizontalSelectorControl.h">
      <Filter>Header Files</Filter>
    </ClInclude>
    <ClInclude Include="HotKeyCommand.h">
      <Filter>Header Files</Filter>
    </ClInclude>
    <ClInclude Include="HotKeyManager.h">
      <Filter>Header Files</Filter>
    </ClInclude>
    <ClInclude Include="ItemHolder.h">
      <Filter>Header Files</Filter>
    </ClInclude>
    <ClInclude Include="Localise.h">
      <Filter>Header Files</Filter>
    </ClInclude>
    <ClInclude Include="MainMenuControl.h">
      <Filter>Header Files</Filter>
    </ClInclude>
    <ClInclude Include="MainPane.h">
      <Filter>Header Files</Filter>
    </ClInclude>
    <ClInclude Include="MessageBoxFadeControl.h">
      <Filter>Header Files</Filter>
    </ClInclude>
    <ClInclude Include="MessageBoxManager.h">
      <Filter>Header Files</Filter>
    </ClInclude>
    <ClInclude Include="MyGUI_FilterNoneSkin.h">
      <Filter>Header Files</Filter>
    </ClInclude>
    <ClInclude Include="..\..\Common\Tools\OpenSaveFileDialog.h">
      <Filter>Header Files</Filter>
    </ClInclude>
    <ClInclude Include="PositionSelectorBlackControl.h">
      <Filter>Header Files</Filter>
    </ClInclude>
    <ClInclude Include="PositionSelectorControl.h">
      <Filter>Header Files</Filter>
    </ClInclude>
    <ClInclude Include="Property.h">
      <Filter>Header Files</Filter>
    </ClInclude>
    <ClInclude Include="PropertyAdvisor.h">
      <Filter>Header Files</Filter>
    </ClInclude>
    <ClInclude Include="PropertyAlignControl.h">
      <Filter>Header Files</Filter>
    </ClInclude>
    <ClInclude Include="PropertyBoolControl.h">
      <Filter>Header Files</Filter>
    </ClInclude>
    <ClInclude Include="PropertyColourControl.h">
      <Filter>Header Files</Filter>
    </ClInclude>
    <ClInclude Include="PropertyControl.h">
      <Filter>Header Files</Filter>
    </ClInclude>
    <ClInclude Include="PropertyInt2Control.h">
      <Filter>Header Files</Filter>
    </ClInclude>
    <ClInclude Include="PropertyInt4Control.h">
      <Filter>Header Files</Filter>
    </ClInclude>
    <ClInclude Include="PropertyIntControl.h">
      <Filter>Header Files</Filter>
    </ClInclude>
    <ClInclude Include="PropertyRegionTypeControl.h">
      <Filter>Header Files</Filter>
    </ClInclude>
    <ClInclude Include="PropertySet.h">
      <Filter>Header Files</Filter>
    </ClInclude>
    <ClInclude Include="PropertyTexturesControl.h">
      <Filter>Header Files</Filter>
    </ClInclude>
    <ClInclude Include="RecentFilesManager.h">
      <Filter>Header Files</Filter>
    </ClInclude>
    <ClInclude Include="RegionControl.h">
      <Filter>Header Files</Filter>
    </ClInclude>
    <ClInclude Include="RegionItem.h">
      <Filter>Header Files</Filter>
    </ClInclude>
    <ClInclude Include="RegionListControl.h">
      <Filter>Header Files</Filter>
    </ClInclude>
    <ClInclude Include="RegionPropertyControl.h">
      <Filter>Header Files</Filter>
    </ClInclude>
    <ClInclude Include="RegionTextureControl.h">
      <Filter>Header Files</Filter>
    </ClInclude>
    <ClInclude Include="SelectorControl.h">
      <Filter>Header Files</Filter>
    </ClInclude>
    <ClInclude Include="SeparatorControl.h">
      <Filter>Header Files</Filter>
    </ClInclude>
    <ClInclude Include="SeparatorItem.h">
      <Filter>Header Files</Filter>
    </ClInclude>
    <ClInclude Include="SeparatorListControl.h">
      <Filter>Header Files</Filter>
    </ClInclude>
    <ClInclude Include="SeparatorPropertyControl.h">
      <Filter>Header Files</Filter>
    </ClInclude>
    <ClInclude Include="SeparatorTextureControl.h">
      <Filter>Header Files</Filter>
    </ClInclude>
    <ClInclude Include="SettingsGeneralControl.h">
      <Filter>Header Files</Filter>
    </ClInclude>
    <ClInclude Include="SettingsManager.h">
      <Filter>Header Files</Filter>
    </ClInclude>
    <ClInclude Include="SettingsResourcePathsControl.h">
      <Filter>Header Files</Filter>
    </ClInclude>
    <ClInclude Include="SettingsResourcesControl.h">
      <Filter>Header Files</Filter>
    </ClInclude>
    <ClInclude Include="SettingsSector.h">
      <Filter>Header Files</Filter>
    </ClInclude>
    <ClInclude Include="SettingsWindow.h">
      <Filter>Header Files</Filter>
    </ClInclude>
    <ClInclude Include="SkinControl.h">
      <Filter>Header Files</Filter>
    </ClInclude>
    <ClInclude Include="SkinItem.h">
      <Filter>Header Files</Filter>
    </ClInclude>
    <ClInclude Include="SkinListControl.h">
      <Filter>Header Files</Filter>
    </ClInclude>
    <ClInclude Include="SkinManager.h">
      <Filter>Header Files</Filter>
    </ClInclude>
    <ClInclude Include="SkinPropertyControl.h">
      <Filter>Header Files</Filter>
    </ClInclude>
    <ClInclude Include="SkinTextureControl.h">
      <Filter>Header Files</Filter>
    </ClInclude>
    <ClInclude Include="StateControl.h">
      <Filter>Header Files</Filter>
    </ClInclude>
    <ClInclude Include="StateController.h">
      <Filter>Header Files</Filter>
    </ClInclude>
    <ClInclude Include="StateItem.h">
      <Filter>Header Files</Filter>
    </ClInclude>
    <ClInclude Include="StateListControl.h">
      <Filter>Header Files</Filter>
    </ClInclude>
    <ClInclude Include="StateManager.h">
      <Filter>Header Files</Filter>
    </ClInclude>
    <ClInclude Include="StatePropertyControl.h">
      <Filter>Header Files</Filter>
    </ClInclude>
    <ClInclude Include="StateTextureControl.h">
      <Filter>Header Files</Filter>
    </ClInclude>
    <ClInclude Include="TestState.h">
      <Filter>Header Files</Filter>
    </ClInclude>
    <ClInclude Include="TestWindow.h">
      <Filter>Header Files</Filter>
    </ClInclude>
    <ClInclude Include="TextFieldControl.h">
      <Filter>Header Files</Filter>
    </ClInclude>
    <ClInclude Include="TextureBrowseCell.h">
      <Filter>Header Files</Filter>
    </ClInclude>
    <ClInclude Include="TextureBrowseControl.h">
      <Filter>Header Files</Filter>
    </ClInclude>
    <ClInclude Include="TextureControl.h">
      <Filter>Header Files</Filter>
    </ClInclude>
    <ClInclude Include="TextureToolControl.h">
      <Filter>Header Files</Filter>
    </ClInclude>
    <ClInclude Include="VerticalSelectorBlackControl.h">
      <Filter>Header Files</Filter>
    </ClInclude>
    <ClInclude Include="VerticalSelectorControl.h">
      <Filter>Header Files</Filter>
    </ClInclude>
  </ItemGroup>
  <ItemGroup>
    <Filter Include="Source Files">
      <UniqueIdentifier>{9C8058A4-9A89-4387-88FC-F822627BDB0C}</UniqueIdentifier>
    </Filter>
    <Filter Include="Header Files">
      <UniqueIdentifier>{75001DB6-E090-41D7-B532-4DB2126BE087}</UniqueIdentifier>
    </Filter>
    <Filter Include="Resources">
      <UniqueIdentifier>{0BDB892F-DB89-4B96-9178-CB22BF4ED119}</UniqueIdentifier>
    </Filter>
  </ItemGroup>
  <ItemGroup>
    <None Include="SkinEditor.rc">
      <Filter>Resources</Filter>
    </None>
  </ItemGroup>
</Project>