Microsoft Visual Studio Solution File, Format Version 11.00
# Visual Studio 2010
Project("{8BC9CEB8-8B4A-11D0-8D11-00A0C91BC942}") = "ALL_BUILD", "ALL_BUILD.vcxproj", "{FC94BEE0-DD70-4AB3-9736-DF92FDE41D22}"
	ProjectSection(ProjectDependencies) = postProject
		{64726904-EFF0-4191-A161-5980F9E8B273} = {64726904-EFF0-4191-A161-5980F9E8B273}
		{81D0354B-13FE-4D44-9A0D-77D7AE66DD9E} = {81D0354B-13FE-4D44-9A0D-77D7AE66DD9E}
		{753DAFCD-888A-4D5C-A618-0D8A849964BD} = {753DAFCD-888A-4D5C-A618-0D8A849964BD}
		{7A34DD05-28DC-4393-BCD3-4F891C21FC31} = {7A34DD05-28DC-4393-BCD3-4F891C21FC31}
		{B36CB4BF-EA4B-4982-BAC4-8C82798BD8D0} = {B36CB4BF-EA4B-4982-BAC4-8C82798BD8D0}
		{7C724795-965E-47BF-8CDD-EC26A9177A81} = {7C724795-965E-47BF-8CDD-EC26A9177A81}
		{A265CF3C-13C6-403D-B7FD-6B7C16187F34} = {A265CF3C-13C6-403D-B7FD-6B7C16187F34}
		{BD34D5F4-EF25-428C-BBA2-B91A121E5F0B} = {BD34D5F4-EF25-428C-BBA2-B91A121E5F0B}
		{18434202-1AF0-41C1-AB4F-921BA55900F7} = {18434202-1AF0-41C1-AB4F-921BA55900F7}
		{83FE2B15-8FB8-4E98-8E56-DEDE2C61A057} = {83FE2B15-8FB8-4E98-8E56-DEDE2C61A057}
		{55C06465-AE2A-4254-A221-D628F1C70306} = {55C06465-AE2A-4254-A221-D628F1C70306}
		{C7EC6BC0-5AEF-4FD0-B6D8-64D5B7B0B55B} = {C7EC6BC0-5AEF-4FD0-B6D8-64D5B7B0B55B}
		{DADE7613-CCCA-4DBB-8793-55EE162AC9B4} = {DADE7613-CCCA-4DBB-8793-55EE162AC9B4}
		{3035EA70-40C9-4070-9E48-EC645D597104} = {3035EA70-40C9-4070-9E48-EC645D597104}
		{C22D1EB0-5AF3-4542-BEC2-CB8F1DA3B0D8} = {C22D1EB0-5AF3-4542-BEC2-CB8F1DA3B0D8}
		{B0A76777-CB4B-45DB-B886-A3103B0D2698} = {B0A76777-CB4B-45DB-B886-A3103B0D2698}
		{40637C2C-8BA1-4FD0-9114-8CA30EFAB2F9} = {40637C2C-8BA1-4FD0-9114-8CA30EFAB2F9}
		{944B545B-782E-477C-A480-8BCBC6EE2B95} = {944B545B-782E-477C-A480-8BCBC6EE2B95}
		{BF2B44AE-AE30-42BC-84F4-0481D725E0AD} = {BF2B44AE-AE30-42BC-84F4-0481D725E0AD}
		{C56B790F-0636-49C0-86CB-B044CA6F3DE1} = {C56B790F-0636-49C0-86CB-B044CA6F3DE1}
		{3BCF8DD7-D383-4F71-8B4B-ECC280BDFE0C} = {3BCF8DD7-D383-4F71-8B4B-ECC280BDFE0C}
		{85740C60-4BF5-46DD-857A-DC28CE50CED9} = {85740C60-4BF5-46DD-857A-DC28CE50CED9}
		{1006C6CF-CD78-4D5D-B650-8FAE7EE8027E} = {1006C6CF-CD78-4D5D-B650-8FAE7EE8027E}
		{B890298F-3106-4A57-B095-2043971CAE67} = {B890298F-3106-4A57-B095-2043971CAE67}
		{8BDCC9D7-AFD0-4E66-97E1-1074B10FA66E} = {8BDCC9D7-AFD0-4E66-97E1-1074B10FA66E}
		{47B363F4-42B4-4317-AA41-CA2BC295E505} = {47B363F4-42B4-4317-AA41-CA2BC295E505}
		{A71FB59C-7352-4EC5-BE60-8998EB723CAD} = {A71FB59C-7352-4EC5-BE60-8998EB723CAD}
		{B1BF172E-CCCE-4AEF-A782-C23BEB51E5D2} = {B1BF172E-CCCE-4AEF-A782-C23BEB51E5D2}
		{AC0D72E1-307D-4E21-A004-151058D7C871} = {AC0D72E1-307D-4E21-A004-151058D7C871}
		{53EA7D44-0935-4757-AD48-E937867C1E70} = {53EA7D44-0935-4757-AD48-E937867C1E70}
		{556539E7-FE63-4098-A715-D66FB919A6E1} = {556539E7-FE63-4098-A715-D66FB919A6E1}
		{9AF4650E-D623-40EC-BBEC-D6EA77E089CF} = {9AF4650E-D623-40EC-BBEC-D6EA77E089CF}
		{61096BAB-5DB3-47E3-9BA7-B8310C716B5A} = {61096BAB-5DB3-47E3-9BA7-B8310C716B5A}
		{2F3C1B03-D3A5-45CE-B713-7F3367AF25EC} = {2F3C1B03-D3A5-45CE-B713-7F3367AF25EC}
		{F6615E43-5C06-4358-AEDD-3C94B725B76E} = {F6615E43-5C06-4358-AEDD-3C94B725B76E}
		{00DFCFAA-31BF-441C-B281-E9175CB23819} = {00DFCFAA-31BF-441C-B281-E9175CB23819}
		{085C0387-9C49-4F98-B8CC-3DA2A1DCD7E0} = {085C0387-9C49-4F98-B8CC-3DA2A1DCD7E0}
		{69DD9182-6001-4E7D-8EFF-0EE25206AB71} = {69DD9182-6001-4E7D-8EFF-0EE25206AB71}
		{FCFB537C-487D-428F-9C28-0A2E9FA444B3} = {FCFB537C-487D-428F-9C28-0A2E9FA444B3}
		{087E7492-4C45-4618-8FB3-A21D25D968EE} = {087E7492-4C45-4618-8FB3-A21D25D968EE}
		{F079B846-DCA2-476E-969C-FF8FE0A37E1D} = {F079B846-DCA2-476E-969C-FF8FE0A37E1D}
		{4008517B-E013-4939-A96C-15DE407DEBA4} = {4008517B-E013-4939-A96C-15DE407DEBA4}
		{FE12BCAF-E568-49A1-8954-F5AB1923EE4B} = {FE12BCAF-E568-49A1-8954-F5AB1923EE4B}
		{CD4DC430-477C-4AAF-B3B3-2FBD14EF9431} = {CD4DC430-477C-4AAF-B3B3-2FBD14EF9431}
		{A31E5406-84CE-45EB-BD20-B1D136982F71} = {A31E5406-84CE-45EB-BD20-B1D136982F71}
		{174C1525-6894-45C5-8920-AD7D5A086CF4} = {174C1525-6894-45C5-8920-AD7D5A086CF4}
		{A1D8680C-7725-4886-A8EA-36F7AC0ECD33} = {A1D8680C-7725-4886-A8EA-36F7AC0ECD33}
		{1CE81B4F-DFD2-44A1-A107-EC1CE28166D9} = {1CE81B4F-DFD2-44A1-A107-EC1CE28166D9}
		{AB333E5E-AE70-47A6-96A6-C919911899EC} = {AB333E5E-AE70-47A6-96A6-C919911899EC}
		{B401968A-B24E-4699-98EE-C5FC0BF6DE75} = {B401968A-B24E-4699-98EE-C5FC0BF6DE75}
		{8CB1A0C7-9126-4CE9-BCBA-2ABF99111EE5} = {8CB1A0C7-9126-4CE9-BCBA-2ABF99111EE5}
	EndProjectSection
EndProject
Project("{8BC9CEB8-8B4A-11D0-8D11-00A0C91BC942}") = "INSTALL", "INSTALL.vcxproj", "{79E94564-927C-4559-B7C5-D7527D6C1433}"
	ProjectSection(ProjectDependencies) = postProject
		{FC94BEE0-DD70-4AB3-9736-DF92FDE41D22} = {FC94BEE0-DD70-4AB3-9736-DF92FDE41D22}
	EndProjectSection
EndProject
Project("{8BC9CEB8-8B4A-11D0-8D11-00A0C91BC942}") = "OgreMain", "OgreMain\OgreMain.vcxproj", "{64726904-EFF0-4191-A161-5980F9E8B273}"
	ProjectSection(ProjectDependencies) = postProject
	EndProjectSection
EndProject
Project("{8BC9CEB8-8B4A-11D0-8D11-00A0C91BC942}") = "OgreMeshUpgrader", "Tools\MeshUpgrader\OgreMeshUpgrader.vcxproj", "{81D0354B-13FE-4D44-9A0D-77D7AE66DD9E}"
	ProjectSection(ProjectDependencies) = postProject
		{64726904-EFF0-4191-A161-5980F9E8B273} = {64726904-EFF0-4191-A161-5980F9E8B273}
	EndProjectSection
EndProject
Project("{8BC9CEB8-8B4A-11D0-8D11-00A0C91BC942}") = "OgrePaging", "Components\Paging\OgrePaging.vcxproj", "{753DAFCD-888A-4D5C-A618-0D8A849964BD}"
	ProjectSection(ProjectDependencies) = postProject
		{64726904-EFF0-4191-A161-5980F9E8B273} = {64726904-EFF0-4191-A161-5980F9E8B273}
	EndProjectSection
EndProject
Project("{8BC9CEB8-8B4A-11D0-8D11-00A0C91BC942}") = "OgreRTShaderSystem", "Components\RTShaderSystem\OgreRTShaderSystem.vcxproj", "{7A34DD05-28DC-4393-BCD3-4F891C21FC31}"
	ProjectSection(ProjectDependencies) = postProject
		{64726904-EFF0-4191-A161-5980F9E8B273} = {64726904-EFF0-4191-A161-5980F9E8B273}
	EndProjectSection
EndProject
Project("{8BC9CEB8-8B4A-11D0-8D11-00A0C91BC942}") = "OgreTerrain", "Components\Terrain\OgreTerrain.vcxproj", "{B36CB4BF-EA4B-4982-BAC4-8C82798BD8D0}"
	ProjectSection(ProjectDependencies) = postProject
		{64726904-EFF0-4191-A161-5980F9E8B273} = {64726904-EFF0-4191-A161-5980F9E8B273}
		{753DAFCD-888A-4D5C-A618-0D8A849964BD} = {753DAFCD-888A-4D5C-A618-0D8A849964BD}
	EndProjectSection
EndProject
Project("{8BC9CEB8-8B4A-11D0-8D11-00A0C91BC942}") = "OgreXMLConverter", "Tools\XMLConverter\OgreXMLConverter.vcxproj", "{7C724795-965E-47BF-8CDD-EC26A9177A81}"
	ProjectSection(ProjectDependencies) = postProject
		{64726904-EFF0-4191-A161-5980F9E8B273} = {64726904-EFF0-4191-A161-5980F9E8B273}
	EndProjectSection
EndProject
Project("{8BC9CEB8-8B4A-11D0-8D11-00A0C91BC942}") = "PACKAGE", "PACKAGE.vcxproj", "{2798E5A4-4554-4A06-A686-8C89F6510261}"
	ProjectSection(ProjectDependencies) = postProject
		{FC94BEE0-DD70-4AB3-9736-DF92FDE41D22} = {FC94BEE0-DD70-4AB3-9736-DF92FDE41D22}
	EndProjectSection
EndProject
Project("{8BC9CEB8-8B4A-11D0-8D11-00A0C91BC942}") = "Plugin_BSPSceneManager", "PlugIns\BSPSceneManager\Plugin_BSPSceneManager.vcxproj", "{A265CF3C-13C6-403D-B7FD-6B7C16187F34}"
	ProjectSection(ProjectDependencies) = postProject
		{64726904-EFF0-4191-A161-5980F9E8B273} = {64726904-EFF0-4191-A161-5980F9E8B273}
	EndProjectSection
EndProject
Project("{8BC9CEB8-8B4A-11D0-8D11-00A0C91BC942}") = "Plugin_CgProgramManager", "PlugIns\CgProgramManager\Plugin_CgProgramManager.vcxproj", "{BD34D5F4-EF25-428C-BBA2-B91A121E5F0B}"
	ProjectSection(ProjectDependencies) = postProject
		{64726904-EFF0-4191-A161-5980F9E8B273} = {64726904-EFF0-4191-A161-5980F9E8B273}
	EndProjectSection
EndProject
Project("{8BC9CEB8-8B4A-11D0-8D11-00A0C91BC942}") = "Plugin_OctreeSceneManager", "PlugIns\OctreeSceneManager\Plugin_OctreeSceneManager.vcxproj", "{18434202-1AF0-41C1-AB4F-921BA55900F7}"
	ProjectSection(ProjectDependencies) = postProject
		{64726904-EFF0-4191-A161-5980F9E8B273} = {64726904-EFF0-4191-A161-5980F9E8B273}
	EndProjectSection
EndProject
Project("{8BC9CEB8-8B4A-11D0-8D11-00A0C91BC942}") = "Plugin_OctreeZone", "PlugIns\OctreeZone\Plugin_OctreeZone.vcxproj", "{83FE2B15-8FB8-4E98-8E56-DEDE2C61A057}"
	ProjectSection(ProjectDependencies) = postProject
		{64726904-EFF0-4191-A161-5980F9E8B273} = {64726904-EFF0-4191-A161-5980F9E8B273}
		{55C06465-AE2A-4254-A221-D628F1C70306} = {55C06465-AE2A-4254-A221-D628F1C70306}
	EndProjectSection
EndProject
Project("{8BC9CEB8-8B4A-11D0-8D11-00A0C91BC942}") = "Plugin_PCZSceneManager", "PlugIns\PCZSceneManager\Plugin_PCZSceneManager.vcxproj", "{55C06465-AE2A-4254-A221-D628F1C70306}"
	ProjectSection(ProjectDependencies) = postProject
		{64726904-EFF0-4191-A161-5980F9E8B273} = {64726904-EFF0-4191-A161-5980F9E8B273}
	EndProjectSection
EndProject
Project("{8BC9CEB8-8B4A-11D0-8D11-00A0C91BC942}") = "Plugin_ParticleFX", "PlugIns\ParticleFX\Plugin_ParticleFX.vcxproj", "{C7EC6BC0-5AEF-4FD0-B6D8-64D5B7B0B55B}"
	ProjectSection(ProjectDependencies) = postProject
		{64726904-EFF0-4191-A161-5980F9E8B273} = {64726904-EFF0-4191-A161-5980F9E8B273}
	EndProjectSection
EndProject
Project("{8BC9CEB8-8B4A-11D0-8D11-00A0C91BC942}") = "RenderSystem_Direct3D9", "RenderSystems\Direct3D9\RenderSystem_Direct3D9.vcxproj", "{DADE7613-CCCA-4DBB-8793-55EE162AC9B4}"
	ProjectSection(ProjectDependencies) = postProject
		{64726904-EFF0-4191-A161-5980F9E8B273} = {64726904-EFF0-4191-A161-5980F9E8B273}
	EndProjectSection
EndProject
Project("{8BC9CEB8-8B4A-11D0-8D11-00A0C91BC942}") = "RenderSystem_GL", "RenderSystems\GL\RenderSystem_GL.vcxproj", "{3035EA70-40C9-4070-9E48-EC645D597104}"
	ProjectSection(ProjectDependencies) = postProject
		{64726904-EFF0-4191-A161-5980F9E8B273} = {64726904-EFF0-4191-A161-5980F9E8B273}
	EndProjectSection
EndProject
Project("{8BC9CEB8-8B4A-11D0-8D11-00A0C91BC942}") = "SampleBrowser", "Samples\Browser\SampleBrowser.vcxproj", "{C22D1EB0-5AF3-4542-BEC2-CB8F1DA3B0D8}"
	ProjectSection(ProjectDependencies) = postProject
		{64726904-EFF0-4191-A161-5980F9E8B273} = {64726904-EFF0-4191-A161-5980F9E8B273}
		{7A34DD05-28DC-4393-BCD3-4F891C21FC31} = {7A34DD05-28DC-4393-BCD3-4F891C21FC31}
		{B36CB4BF-EA4B-4982-BAC4-8C82798BD8D0} = {B36CB4BF-EA4B-4982-BAC4-8C82798BD8D0}
		{A265CF3C-13C6-403D-B7FD-6B7C16187F34} = {A265CF3C-13C6-403D-B7FD-6B7C16187F34}
		{BD34D5F4-EF25-428C-BBA2-B91A121E5F0B} = {BD34D5F4-EF25-428C-BBA2-B91A121E5F0B}
		{18434202-1AF0-41C1-AB4F-921BA55900F7} = {18434202-1AF0-41C1-AB4F-921BA55900F7}
		{83FE2B15-8FB8-4E98-8E56-DEDE2C61A057} = {83FE2B15-8FB8-4E98-8E56-DEDE2C61A057}
		{55C06465-AE2A-4254-A221-D628F1C70306} = {55C06465-AE2A-4254-A221-D628F1C70306}
		{C7EC6BC0-5AEF-4FD0-B6D8-64D5B7B0B55B} = {C7EC6BC0-5AEF-4FD0-B6D8-64D5B7B0B55B}
		{DADE7613-CCCA-4DBB-8793-55EE162AC9B4} = {DADE7613-CCCA-4DBB-8793-55EE162AC9B4}
		{3035EA70-40C9-4070-9E48-EC645D597104} = {3035EA70-40C9-4070-9E48-EC645D597104}
		{B0A76777-CB4B-45DB-B886-A3103B0D2698} = {B0A76777-CB4B-45DB-B886-A3103B0D2698}
		{40637C2C-8BA1-4FD0-9114-8CA30EFAB2F9} = {40637C2C-8BA1-4FD0-9114-8CA30EFAB2F9}
		{944B545B-782E-477C-A480-8BCBC6EE2B95} = {944B545B-782E-477C-A480-8BCBC6EE2B95}
		{BF2B44AE-AE30-42BC-84F4-0481D725E0AD} = {BF2B44AE-AE30-42BC-84F4-0481D725E0AD}
		{C56B790F-0636-49C0-86CB-B044CA6F3DE1} = {C56B790F-0636-49C0-86CB-B044CA6F3DE1}
		{3BCF8DD7-D383-4F71-8B4B-ECC280BDFE0C} = {3BCF8DD7-D383-4F71-8B4B-ECC280BDFE0C}
		{85740C60-4BF5-46DD-857A-DC28CE50CED9} = {85740C60-4BF5-46DD-857A-DC28CE50CED9}
		{1006C6CF-CD78-4D5D-B650-8FAE7EE8027E} = {1006C6CF-CD78-4D5D-B650-8FAE7EE8027E}
		{B890298F-3106-4A57-B095-2043971CAE67} = {B890298F-3106-4A57-B095-2043971CAE67}
		{8BDCC9D7-AFD0-4E66-97E1-1074B10FA66E} = {8BDCC9D7-AFD0-4E66-97E1-1074B10FA66E}
		{47B363F4-42B4-4317-AA41-CA2BC295E505} = {47B363F4-42B4-4317-AA41-CA2BC295E505}
		{A71FB59C-7352-4EC5-BE60-8998EB723CAD} = {A71FB59C-7352-4EC5-BE60-8998EB723CAD}
		{B1BF172E-CCCE-4AEF-A782-C23BEB51E5D2} = {B1BF172E-CCCE-4AEF-A782-C23BEB51E5D2}
		{AC0D72E1-307D-4E21-A004-151058D7C871} = {AC0D72E1-307D-4E21-A004-151058D7C871}
		{53EA7D44-0935-4757-AD48-E937867C1E70} = {53EA7D44-0935-4757-AD48-E937867C1E70}
		{556539E7-FE63-4098-A715-D66FB919A6E1} = {556539E7-FE63-4098-A715-D66FB919A6E1}
		{9AF4650E-D623-40EC-BBEC-D6EA77E089CF} = {9AF4650E-D623-40EC-BBEC-D6EA77E089CF}
		{61096BAB-5DB3-47E3-9BA7-B8310C716B5A} = {61096BAB-5DB3-47E3-9BA7-B8310C716B5A}
		{2F3C1B03-D3A5-45CE-B713-7F3367AF25EC} = {2F3C1B03-D3A5-45CE-B713-7F3367AF25EC}
		{F6615E43-5C06-4358-AEDD-3C94B725B76E} = {F6615E43-5C06-4358-AEDD-3C94B725B76E}
		{00DFCFAA-31BF-441C-B281-E9175CB23819} = {00DFCFAA-31BF-441C-B281-E9175CB23819}
		{085C0387-9C49-4F98-B8CC-3DA2A1DCD7E0} = {085C0387-9C49-4F98-B8CC-3DA2A1DCD7E0}
		{69DD9182-6001-4E7D-8EFF-0EE25206AB71} = {69DD9182-6001-4E7D-8EFF-0EE25206AB71}
		{FCFB537C-487D-428F-9C28-0A2E9FA444B3} = {FCFB537C-487D-428F-9C28-0A2E9FA444B3}
		{087E7492-4C45-4618-8FB3-A21D25D968EE} = {087E7492-4C45-4618-8FB3-A21D25D968EE}
		{F079B846-DCA2-476E-969C-FF8FE0A37E1D} = {F079B846-DCA2-476E-969C-FF8FE0A37E1D}
		{4008517B-E013-4939-A96C-15DE407DEBA4} = {4008517B-E013-4939-A96C-15DE407DEBA4}
		{FE12BCAF-E568-49A1-8954-F5AB1923EE4B} = {FE12BCAF-E568-49A1-8954-F5AB1923EE4B}
		{CD4DC430-477C-4AAF-B3B3-2FBD14EF9431} = {CD4DC430-477C-4AAF-B3B3-2FBD14EF9431}
		{A31E5406-84CE-45EB-BD20-B1D136982F71} = {A31E5406-84CE-45EB-BD20-B1D136982F71}
		{174C1525-6894-45C5-8920-AD7D5A086CF4} = {174C1525-6894-45C5-8920-AD7D5A086CF4}
		{A1D8680C-7725-4886-A8EA-36F7AC0ECD33} = {A1D8680C-7725-4886-A8EA-36F7AC0ECD33}
		{1CE81B4F-DFD2-44A1-A107-EC1CE28166D9} = {1CE81B4F-DFD2-44A1-A107-EC1CE28166D9}
		{AB333E5E-AE70-47A6-96A6-C919911899EC} = {AB333E5E-AE70-47A6-96A6-C919911899EC}
		{B401968A-B24E-4699-98EE-C5FC0BF6DE75} = {B401968A-B24E-4699-98EE-C5FC0BF6DE75}
		{8CB1A0C7-9126-4CE9-BCBA-2ABF99111EE5} = {8CB1A0C7-9126-4CE9-BCBA-2ABF99111EE5}
	EndProjectSection
EndProject
Project("{8BC9CEB8-8B4A-11D0-8D11-00A0C91BC942}") = "Sample_BSP", "Samples\BSP\Sample_BSP.vcxproj", "{B0A76777-CB4B-45DB-B886-A3103B0D2698}"
	ProjectSection(ProjectDependencies) = postProject
		{64726904-EFF0-4191-A161-5980F9E8B273} = {64726904-EFF0-4191-A161-5980F9E8B273}
		{7A34DD05-28DC-4393-BCD3-4F891C21FC31} = {7A34DD05-28DC-4393-BCD3-4F891C21FC31}
	EndProjectSection
EndProject
Project("{8BC9CEB8-8B4A-11D0-8D11-00A0C91BC942}") = "Sample_BezierPatch", "Samples\BezierPatch\Sample_BezierPatch.vcxproj", "{40637C2C-8BA1-4FD0-9114-8CA30EFAB2F9}"
	ProjectSection(ProjectDependencies) = postProject
		{64726904-EFF0-4191-A161-5980F9E8B273} = {64726904-EFF0-4191-A161-5980F9E8B273}
		{7A34DD05-28DC-4393-BCD3-4F891C21FC31} = {7A34DD05-28DC-4393-BCD3-4F891C21FC31}
	EndProjectSection
EndProject
Project("{8BC9CEB8-8B4A-11D0-8D11-00A0C91BC942}") = "Sample_CameraTrack", "Samples\CameraTrack\Sample_CameraTrack.vcxproj", "{944B545B-782E-477C-A480-8BCBC6EE2B95}"
	ProjectSection(ProjectDependencies) = postProject
		{64726904-EFF0-4191-A161-5980F9E8B273} = {64726904-EFF0-4191-A161-5980F9E8B273}
		{7A34DD05-28DC-4393-BCD3-4F891C21FC31} = {7A34DD05-28DC-4393-BCD3-4F891C21FC31}
	EndProjectSection
EndProject
Project("{8BC9CEB8-8B4A-11D0-8D11-00A0C91BC942}") = "Sample_CelShading", "Samples\CelShading\Sample_CelShading.vcxproj", "{BF2B44AE-AE30-42BC-84F4-0481D725E0AD}"
	ProjectSection(ProjectDependencies) = postProject
		{64726904-EFF0-4191-A161-5980F9E8B273} = {64726904-EFF0-4191-A161-5980F9E8B273}
		{7A34DD05-28DC-4393-BCD3-4F891C21FC31} = {7A34DD05-28DC-4393-BCD3-4F891C21FC31}
	EndProjectSection
EndProject
Project("{8BC9CEB8-8B4A-11D0-8D11-00A0C91BC942}") = "Sample_Character", "Samples\Character\Sample_Character.vcxproj", "{C56B790F-0636-49C0-86CB-B044CA6F3DE1}"
	ProjectSection(ProjectDependencies) = postProject
		{64726904-EFF0-4191-A161-5980F9E8B273} = {64726904-EFF0-4191-A161-5980F9E8B273}
		{7A34DD05-28DC-4393-BCD3-4F891C21FC31} = {7A34DD05-28DC-4393-BCD3-4F891C21FC31}
	EndProjectSection
EndProject
Project("{8BC9CEB8-8B4A-11D0-8D11-00A0C91BC942}") = "Sample_Compositor", "Samples\Compositor\Sample_Compositor.vcxproj", "{3BCF8DD7-D383-4F71-8B4B-ECC280BDFE0C}"
	ProjectSection(ProjectDependencies) = postProject
		{64726904-EFF0-4191-A161-5980F9E8B273} = {64726904-EFF0-4191-A161-5980F9E8B273}
		{7A34DD05-28DC-4393-BCD3-4F891C21FC31} = {7A34DD05-28DC-4393-BCD3-4F891C21FC31}
	EndProjectSection
EndProject
Project("{8BC9CEB8-8B4A-11D0-8D11-00A0C91BC942}") = "Sample_CubeMapping", "Samples\CubeMapping\Sample_CubeMapping.vcxproj", "{85740C60-4BF5-46DD-857A-DC28CE50CED9}"
	ProjectSection(ProjectDependencies) = postProject
		{64726904-EFF0-4191-A161-5980F9E8B273} = {64726904-EFF0-4191-A161-5980F9E8B273}
		{7A34DD05-28DC-4393-BCD3-4F891C21FC31} = {7A34DD05-28DC-4393-BCD3-4F891C21FC31}
	EndProjectSection
EndProject
Project("{8BC9CEB8-8B4A-11D0-8D11-00A0C91BC942}") = "Sample_DeferredShading", "Samples\DeferredShading\Sample_DeferredShading.vcxproj", "{1006C6CF-CD78-4D5D-B650-8FAE7EE8027E}"
	ProjectSection(ProjectDependencies) = postProject
		{64726904-EFF0-4191-A161-5980F9E8B273} = {64726904-EFF0-4191-A161-5980F9E8B273}
		{7A34DD05-28DC-4393-BCD3-4F891C21FC31} = {7A34DD05-28DC-4393-BCD3-4F891C21FC31}
	EndProjectSection
EndProject
Project("{8BC9CEB8-8B4A-11D0-8D11-00A0C91BC942}") = "Sample_Dot3Bump", "Samples\Dot3Bump\Sample_Dot3Bump.vcxproj", "{B890298F-3106-4A57-B095-2043971CAE67}"
	ProjectSection(ProjectDependencies) = postProject
		{64726904-EFF0-4191-A161-5980F9E8B273} = {64726904-EFF0-4191-A161-5980F9E8B273}
		{7A34DD05-28DC-4393-BCD3-4F891C21FC31} = {7A34DD05-28DC-4393-BCD3-4F891C21FC31}
	EndProjectSection
EndProject
Project("{8BC9CEB8-8B4A-11D0-8D11-00A0C91BC942}") = "Sample_DualQuaternion", "Samples\DualQuaternion\Sample_DualQuaternion.vcxproj", "{8BDCC9D7-AFD0-4E66-97E1-1074B10FA66E}"
	ProjectSection(ProjectDependencies) = postProject
		{64726904-EFF0-4191-A161-5980F9E8B273} = {64726904-EFF0-4191-A161-5980F9E8B273}
		{7A34DD05-28DC-4393-BCD3-4F891C21FC31} = {7A34DD05-28DC-4393-BCD3-4F891C21FC31}
	EndProjectSection
EndProject
Project("{8BC9CEB8-8B4A-11D0-8D11-00A0C91BC942}") = "Sample_DynTex", "Samples\DynTex\Sample_DynTex.vcxproj", "{47B363F4-42B4-4317-AA41-CA2BC295E505}"
	ProjectSection(ProjectDependencies) = postProject
		{64726904-EFF0-4191-A161-5980F9E8B273} = {64726904-EFF0-4191-A161-5980F9E8B273}
		{7A34DD05-28DC-4393-BCD3-4F891C21FC31} = {7A34DD05-28DC-4393-BCD3-4F891C21FC31}
	EndProjectSection
EndProject
Project("{8BC9CEB8-8B4A-11D0-8D11-00A0C91BC942}") = "Sample_FacialAnimation", "Samples\FacialAnimation\Sample_FacialAnimation.vcxproj", "{A71FB59C-7352-4EC5-BE60-8998EB723CAD}"
	ProjectSection(ProjectDependencies) = postProject
		{64726904-EFF0-4191-A161-5980F9E8B273} = {64726904-EFF0-4191-A161-5980F9E8B273}
		{7A34DD05-28DC-4393-BCD3-4F891C21FC31} = {7A34DD05-28DC-4393-BCD3-4F891C21FC31}
	EndProjectSection
EndProject
Project("{8BC9CEB8-8B4A-11D0-8D11-00A0C91BC942}") = "Sample_Fresnel", "Samples\Fresnel\Sample_Fresnel.vcxproj", "{B1BF172E-CCCE-4AEF-A782-C23BEB51E5D2}"
	ProjectSection(ProjectDependencies) = postProject
		{64726904-EFF0-4191-A161-5980F9E8B273} = {64726904-EFF0-4191-A161-5980F9E8B273}
		{7A34DD05-28DC-4393-BCD3-4F891C21FC31} = {7A34DD05-28DC-4393-BCD3-4F891C21FC31}
	EndProjectSection
EndProject
Project("{8BC9CEB8-8B4A-11D0-8D11-00A0C91BC942}") = "Sample_Grass", "Samples\Grass\Sample_Grass.vcxproj", "{AC0D72E1-307D-4E21-A004-151058D7C871}"
	ProjectSection(ProjectDependencies) = postProject
		{64726904-EFF0-4191-A161-5980F9E8B273} = {64726904-EFF0-4191-A161-5980F9E8B273}
		{7A34DD05-28DC-4393-BCD3-4F891C21FC31} = {7A34DD05-28DC-4393-BCD3-4F891C21FC31}
	EndProjectSection
EndProject
Project("{8BC9CEB8-8B4A-11D0-8D11-00A0C91BC942}") = "Sample_Instancing", "Samples\Instancing\Sample_Instancing.vcxproj", "{53EA7D44-0935-4757-AD48-E937867C1E70}"
	ProjectSection(ProjectDependencies) = postProject
		{64726904-EFF0-4191-A161-5980F9E8B273} = {64726904-EFF0-4191-A161-5980F9E8B273}
		{7A34DD05-28DC-4393-BCD3-4F891C21FC31} = {7A34DD05-28DC-4393-BCD3-4F891C21FC31}
	EndProjectSection
EndProject
Project("{8BC9CEB8-8B4A-11D0-8D11-00A0C91BC942}") = "Sample_Isosurf", "Samples\Isosurf\Sample_Isosurf.vcxproj", "{556539E7-FE63-4098-A715-D66FB919A6E1}"
	ProjectSection(ProjectDependencies) = postProject
		{64726904-EFF0-4191-A161-5980F9E8B273} = {64726904-EFF0-4191-A161-5980F9E8B273}
		{7A34DD05-28DC-4393-BCD3-4F891C21FC31} = {7A34DD05-28DC-4393-BCD3-4F891C21FC31}
	EndProjectSection
EndProject
Project("{8BC9CEB8-8B4A-11D0-8D11-00A0C91BC942}") = "Sample_Lighting", "Samples\Lighting\Sample_Lighting.vcxproj", "{9AF4650E-D623-40EC-BBEC-D6EA77E089CF}"
	ProjectSection(ProjectDependencies) = postProject
		{64726904-EFF0-4191-A161-5980F9E8B273} = {64726904-EFF0-4191-A161-5980F9E8B273}
		{7A34DD05-28DC-4393-BCD3-4F891C21FC31} = {7A34DD05-28DC-4393-BCD3-4F891C21FC31}
	EndProjectSection
EndProject
Project("{8BC9CEB8-8B4A-11D0-8D11-00A0C91BC942}") = "Sample_NewInstancing", "Samples\NewInstancing\Sample_NewInstancing.vcxproj", "{61096BAB-5DB3-47E3-9BA7-B8310C716B5A}"
	ProjectSection(ProjectDependencies) = postProject
		{64726904-EFF0-4191-A161-5980F9E8B273} = {64726904-EFF0-4191-A161-5980F9E8B273}
		{7A34DD05-28DC-4393-BCD3-4F891C21FC31} = {7A34DD05-28DC-4393-BCD3-4F891C21FC31}
	EndProjectSection
EndProject
Project("{8BC9CEB8-8B4A-11D0-8D11-00A0C91BC942}") = "Sample_Ocean", "Samples\OceanDemo\Sample_Ocean.vcxproj", "{2F3C1B03-D3A5-45CE-B713-7F3367AF25EC}"
	ProjectSection(ProjectDependencies) = postProject
		{64726904-EFF0-4191-A161-5980F9E8B273} = {64726904-EFF0-4191-A161-5980F9E8B273}
		{7A34DD05-28DC-4393-BCD3-4F891C21FC31} = {7A34DD05-28DC-4393-BCD3-4F891C21FC31}
	EndProjectSection
EndProject
Project("{8BC9CEB8-8B4A-11D0-8D11-00A0C91BC942}") = "Sample_ParticleFX", "Samples\ParticleFX\Sample_ParticleFX.vcxproj", "{F6615E43-5C06-4358-AEDD-3C94B725B76E}"
	ProjectSection(ProjectDependencies) = postProject
		{64726904-EFF0-4191-A161-5980F9E8B273} = {64726904-EFF0-4191-A161-5980F9E8B273}
		{7A34DD05-28DC-4393-BCD3-4F891C21FC31} = {7A34DD05-28DC-4393-BCD3-4F891C21FC31}
	EndProjectSection
EndProject
Project("{8BC9CEB8-8B4A-11D0-8D11-00A0C91BC942}") = "Sample_ParticleGS", "Samples\ParticleGS\Sample_ParticleGS.vcxproj", "{00DFCFAA-31BF-441C-B281-E9175CB23819}"
	ProjectSection(ProjectDependencies) = postProject
		{64726904-EFF0-4191-A161-5980F9E8B273} = {64726904-EFF0-4191-A161-5980F9E8B273}
		{7A34DD05-28DC-4393-BCD3-4F891C21FC31} = {7A34DD05-28DC-4393-BCD3-4F891C21FC31}
	EndProjectSection
EndProject
Project("{8BC9CEB8-8B4A-11D0-8D11-00A0C91BC942}") = "Sample_SSAO", "Samples\SSAO\Sample_SSAO.vcxproj", "{085C0387-9C49-4F98-B8CC-3DA2A1DCD7E0}"
	ProjectSection(ProjectDependencies) = postProject
		{64726904-EFF0-4191-A161-5980F9E8B273} = {64726904-EFF0-4191-A161-5980F9E8B273}
		{7A34DD05-28DC-4393-BCD3-4F891C21FC31} = {7A34DD05-28DC-4393-BCD3-4F891C21FC31}
	EndProjectSection
EndProject
Project("{8BC9CEB8-8B4A-11D0-8D11-00A0C91BC942}") = "Sample_ShaderSystem", "Samples\ShaderSystem\Sample_ShaderSystem.vcxproj", "{69DD9182-6001-4E7D-8EFF-0EE25206AB71}"
	ProjectSection(ProjectDependencies) = postProject
		{64726904-EFF0-4191-A161-5980F9E8B273} = {64726904-EFF0-4191-A161-5980F9E8B273}
		{7A34DD05-28DC-4393-BCD3-4F891C21FC31} = {7A34DD05-28DC-4393-BCD3-4F891C21FC31}
	EndProjectSection
EndProject
Project("{8BC9CEB8-8B4A-11D0-8D11-00A0C91BC942}") = "Sample_Shadows", "Samples\Shadows\Sample_Shadows.vcxproj", "{FCFB537C-487D-428F-9C28-0A2E9FA444B3}"
	ProjectSection(ProjectDependencies) = postProject
		{64726904-EFF0-4191-A161-5980F9E8B273} = {64726904-EFF0-4191-A161-5980F9E8B273}
		{7A34DD05-28DC-4393-BCD3-4F891C21FC31} = {7A34DD05-28DC-4393-BCD3-4F891C21FC31}
	EndProjectSection
EndProject
Project("{8BC9CEB8-8B4A-11D0-8D11-00A0C91BC942}") = "Sample_SkeletalAnimation", "Samples\SkeletalAnimation\Sample_SkeletalAnimation.vcxproj", "{087E7492-4C45-4618-8FB3-A21D25D968EE}"
	ProjectSection(ProjectDependencies) = postProject
		{64726904-EFF0-4191-A161-5980F9E8B273} = {64726904-EFF0-4191-A161-5980F9E8B273}
		{7A34DD05-28DC-4393-BCD3-4F891C21FC31} = {7A34DD05-28DC-4393-BCD3-4F891C21FC31}
	EndProjectSection
EndProject
Project("{8BC9CEB8-8B4A-11D0-8D11-00A0C91BC942}") = "Sample_SkyBox", "Samples\SkyBox\Sample_SkyBox.vcxproj", "{F079B846-DCA2-476E-969C-FF8FE0A37E1D}"
	ProjectSection(ProjectDependencies) = postProject
		{64726904-EFF0-4191-A161-5980F9E8B273} = {64726904-EFF0-4191-A161-5980F9E8B273}
		{7A34DD05-28DC-4393-BCD3-4F891C21FC31} = {7A34DD05-28DC-4393-BCD3-4F891C21FC31}
	EndProjectSection
EndProject
Project("{8BC9CEB8-8B4A-11D0-8D11-00A0C91BC942}") = "Sample_SkyDome", "Samples\SkyDome\Sample_SkyDome.vcxproj", "{4008517B-E013-4939-A96C-15DE407DEBA4}"
	ProjectSection(ProjectDependencies) = postProject
		{64726904-EFF0-4191-A161-5980F9E8B273} = {64726904-EFF0-4191-A161-5980F9E8B273}
		{7A34DD05-28DC-4393-BCD3-4F891C21FC31} = {7A34DD05-28DC-4393-BCD3-4F891C21FC31}
	EndProjectSection
EndProject
Project("{8BC9CEB8-8B4A-11D0-8D11-00A0C91BC942}") = "Sample_SkyPlane", "Samples\SkyPlane\Sample_SkyPlane.vcxproj", "{FE12BCAF-E568-49A1-8954-F5AB1923EE4B}"
	ProjectSection(ProjectDependencies) = postProject
		{64726904-EFF0-4191-A161-5980F9E8B273} = {64726904-EFF0-4191-A161-5980F9E8B273}
		{7A34DD05-28DC-4393-BCD3-4F891C21FC31} = {7A34DD05-28DC-4393-BCD3-4F891C21FC31}
	EndProjectSection
EndProject
Project("{8BC9CEB8-8B4A-11D0-8D11-00A0C91BC942}") = "Sample_Smoke", "Samples\Smoke\Sample_Smoke.vcxproj", "{CD4DC430-477C-4AAF-B3B3-2FBD14EF9431}"
	ProjectSection(ProjectDependencies) = postProject
		{64726904-EFF0-4191-A161-5980F9E8B273} = {64726904-EFF0-4191-A161-5980F9E8B273}
		{7A34DD05-28DC-4393-BCD3-4F891C21FC31} = {7A34DD05-28DC-4393-BCD3-4F891C21FC31}
	EndProjectSection
EndProject
Project("{8BC9CEB8-8B4A-11D0-8D11-00A0C91BC942}") = "Sample_SphereMapping", "Samples\SphereMapping\Sample_SphereMapping.vcxproj", "{A31E5406-84CE-45EB-BD20-B1D136982F71}"
	ProjectSection(ProjectDependencies) = postProject
		{64726904-EFF0-4191-A161-5980F9E8B273} = {64726904-EFF0-4191-A161-5980F9E8B273}
		{7A34DD05-28DC-4393-BCD3-4F891C21FC31} = {7A34DD05-28DC-4393-BCD3-4F891C21FC31}
	EndProjectSection
EndProject
Project("{8BC9CEB8-8B4A-11D0-8D11-00A0C91BC942}") = "Sample_Terrain", "Samples\Terrain\Sample_Terrain.vcxproj", "{174C1525-6894-45C5-8920-AD7D5A086CF4}"
	ProjectSection(ProjectDependencies) = postProject
		{64726904-EFF0-4191-A161-5980F9E8B273} = {64726904-EFF0-4191-A161-5980F9E8B273}
		{753DAFCD-888A-4D5C-A618-0D8A849964BD} = {753DAFCD-888A-4D5C-A618-0D8A849964BD}
		{7A34DD05-28DC-4393-BCD3-4F891C21FC31} = {7A34DD05-28DC-4393-BCD3-4F891C21FC31}
		{B36CB4BF-EA4B-4982-BAC4-8C82798BD8D0} = {B36CB4BF-EA4B-4982-BAC4-8C82798BD8D0}
	EndProjectSection
EndProject
Project("{8BC9CEB8-8B4A-11D0-8D11-00A0C91BC942}") = "Sample_TextureArray", "Samples\TextureArray\Sample_TextureArray.vcxproj", "{A1D8680C-7725-4886-A8EA-36F7AC0ECD33}"
	ProjectSection(ProjectDependencies) = postProject
		{64726904-EFF0-4191-A161-5980F9E8B273} = {64726904-EFF0-4191-A161-5980F9E8B273}
		{7A34DD05-28DC-4393-BCD3-4F891C21FC31} = {7A34DD05-28DC-4393-BCD3-4F891C21FC31}
	EndProjectSection
EndProject
Project("{8BC9CEB8-8B4A-11D0-8D11-00A0C91BC942}") = "Sample_TextureFX", "Samples\TextureFX\Sample_TextureFX.vcxproj", "{1CE81B4F-DFD2-44A1-A107-EC1CE28166D9}"
	ProjectSection(ProjectDependencies) = postProject
		{64726904-EFF0-4191-A161-5980F9E8B273} = {64726904-EFF0-4191-A161-5980F9E8B273}
		{7A34DD05-28DC-4393-BCD3-4F891C21FC31} = {7A34DD05-28DC-4393-BCD3-4F891C21FC31}
	EndProjectSection
EndProject
Project("{8BC9CEB8-8B4A-11D0-8D11-00A0C91BC942}") = "Sample_Transparency", "Samples\Transparency\Sample_Transparency.vcxproj", "{AB333E5E-AE70-47A6-96A6-C919911899EC}"
	ProjectSection(ProjectDependencies) = postProject
		{64726904-EFF0-4191-A161-5980F9E8B273} = {64726904-EFF0-4191-A161-5980F9E8B273}
		{7A34DD05-28DC-4393-BCD3-4F891C21FC31} = {7A34DD05-28DC-4393-BCD3-4F891C21FC31}
	EndProjectSection
EndProject
Project("{8BC9CEB8-8B4A-11D0-8D11-00A0C91BC942}") = "Sample_VolumeTex", "Samples\VolumeTex\Sample_VolumeTex.vcxproj", "{B401968A-B24E-4699-98EE-C5FC0BF6DE75}"
	ProjectSection(ProjectDependencies) = postProject
		{64726904-EFF0-4191-A161-5980F9E8B273} = {64726904-EFF0-4191-A161-5980F9E8B273}
		{7A34DD05-28DC-4393-BCD3-4F891C21FC31} = {7A34DD05-28DC-4393-BCD3-4F891C21FC31}
	EndProjectSection
EndProject
Project("{8BC9CEB8-8B4A-11D0-8D11-00A0C91BC942}") = "Sample_Water", "Samples\Water\Sample_Water.vcxproj", "{8CB1A0C7-9126-4CE9-BCBA-2ABF99111EE5}"
	ProjectSection(ProjectDependencies) = postProject
		{64726904-EFF0-4191-A161-5980F9E8B273} = {64726904-EFF0-4191-A161-5980F9E8B273}
		{7A34DD05-28DC-4393-BCD3-4F891C21FC31} = {7A34DD05-28DC-4393-BCD3-4F891C21FC31}
	EndProjectSection
EndProject
Global
	GlobalSection(SolutionConfigurationPlatforms) = preSolution
		Debug|Win32 = Debug|Win32
		Release|Win32 = Release|Win32
		MinSizeRel|Win32 = MinSizeRel|Win32
		RelWithDebInfo|Win32 = RelWithDebInfo|Win32
	EndGlobalSection
	GlobalSection(ProjectConfigurationPlatforms) = postSolution
		{FC94BEE0-DD70-4AB3-9736-DF92FDE41D22}.Debug|Win32.ActiveCfg = Debug|Win32
		{FC94BEE0-DD70-4AB3-9736-DF92FDE41D22}.Debug|Win32.Build.0 = Debug|Win32
		{FC94BEE0-DD70-4AB3-9736-DF92FDE41D22}.Release|Win32.ActiveCfg = Release|Win32
		{FC94BEE0-DD70-4AB3-9736-DF92FDE41D22}.Release|Win32.Build.0 = Release|Win32
		{FC94BEE0-DD70-4AB3-9736-DF92FDE41D22}.MinSizeRel|Win32.ActiveCfg = MinSizeRel|Win32
		{FC94BEE0-DD70-4AB3-9736-DF92FDE41D22}.MinSizeRel|Win32.Build.0 = MinSizeRel|Win32
		{FC94BEE0-DD70-4AB3-9736-DF92FDE41D22}.RelWithDebInfo|Win32.ActiveCfg = RelWithDebInfo|Win32
		{FC94BEE0-DD70-4AB3-9736-DF92FDE41D22}.RelWithDebInfo|Win32.Build.0 = RelWithDebInfo|Win32
		{79E94564-927C-4559-B7C5-D7527D6C1433}.Debug|Win32.ActiveCfg = Debug|Win32
		{79E94564-927C-4559-B7C5-D7527D6C1433}.Release|Win32.ActiveCfg = Release|Win32
		{79E94564-927C-4559-B7C5-D7527D6C1433}.MinSizeRel|Win32.ActiveCfg = MinSizeRel|Win32
		{79E94564-927C-4559-B7C5-D7527D6C1433}.RelWithDebInfo|Win32.ActiveCfg = RelWithDebInfo|Win32
		{64726904-EFF0-4191-A161-5980F9E8B273}.Debug|Win32.ActiveCfg = Debug|Win32
		{64726904-EFF0-4191-A161-5980F9E8B273}.Debug|Win32.Build.0 = Debug|Win32
		{64726904-EFF0-4191-A161-5980F9E8B273}.Release|Win32.ActiveCfg = Release|Win32
		{64726904-EFF0-4191-A161-5980F9E8B273}.Release|Win32.Build.0 = Release|Win32
		{64726904-EFF0-4191-A161-5980F9E8B273}.MinSizeRel|Win32.ActiveCfg = MinSizeRel|Win32
		{64726904-EFF0-4191-A161-5980F9E8B273}.MinSizeRel|Win32.Build.0 = MinSizeRel|Win32
		{64726904-EFF0-4191-A161-5980F9E8B273}.RelWithDebInfo|Win32.ActiveCfg = RelWithDebInfo|Win32
		{64726904-EFF0-4191-A161-5980F9E8B273}.RelWithDebInfo|Win32.Build.0 = RelWithDebInfo|Win32
		{81D0354B-13FE-4D44-9A0D-77D7AE66DD9E}.Debug|Win32.ActiveCfg = Debug|Win32
		{81D0354B-13FE-4D44-9A0D-77D7AE66DD9E}.Debug|Win32.Build.0 = Debug|Win32
		{81D0354B-13FE-4D44-9A0D-77D7AE66DD9E}.Release|Win32.ActiveCfg = Release|Win32
		{81D0354B-13FE-4D44-9A0D-77D7AE66DD9E}.Release|Win32.Build.0 = Release|Win32
		{81D0354B-13FE-4D44-9A0D-77D7AE66DD9E}.MinSizeRel|Win32.ActiveCfg = MinSizeRel|Win32
		{81D0354B-13FE-4D44-9A0D-77D7AE66DD9E}.MinSizeRel|Win32.Build.0 = MinSizeRel|Win32
		{81D0354B-13FE-4D44-9A0D-77D7AE66DD9E}.RelWithDebInfo|Win32.ActiveCfg = RelWithDebInfo|Win32
		{81D0354B-13FE-4D44-9A0D-77D7AE66DD9E}.RelWithDebInfo|Win32.Build.0 = RelWithDebInfo|Win32
		{753DAFCD-888A-4D5C-A618-0D8A849964BD}.Debug|Win32.ActiveCfg = Debug|Win32
		{753DAFCD-888A-4D5C-A618-0D8A849964BD}.Debug|Win32.Build.0 = Debug|Win32
		{753DAFCD-888A-4D5C-A618-0D8A849964BD}.Release|Win32.ActiveCfg = Release|Win32
		{753DAFCD-888A-4D5C-A618-0D8A849964BD}.Release|Win32.Build.0 = Release|Win32
		{753DAFCD-888A-4D5C-A618-0D8A849964BD}.MinSizeRel|Win32.ActiveCfg = MinSizeRel|Win32
		{753DAFCD-888A-4D5C-A618-0D8A849964BD}.MinSizeRel|Win32.Build.0 = MinSizeRel|Win32
		{753DAFCD-888A-4D5C-A618-0D8A849964BD}.RelWithDebInfo|Win32.ActiveCfg = RelWithDebInfo|Win32
		{753DAFCD-888A-4D5C-A618-0D8A849964BD}.RelWithDebInfo|Win32.Build.0 = RelWithDebInfo|Win32
		{7A34DD05-28DC-4393-BCD3-4F891C21FC31}.Debug|Win32.ActiveCfg = Debug|Win32
		{7A34DD05-28DC-4393-BCD3-4F891C21FC31}.Debug|Win32.Build.0 = Debug|Win32
		{7A34DD05-28DC-4393-BCD3-4F891C21FC31}.Release|Win32.ActiveCfg = Release|Win32
		{7A34DD05-28DC-4393-BCD3-4F891C21FC31}.Release|Win32.Build.0 = Release|Win32
		{7A34DD05-28DC-4393-BCD3-4F891C21FC31}.MinSizeRel|Win32.ActiveCfg = MinSizeRel|Win32
		{7A34DD05-28DC-4393-BCD3-4F891C21FC31}.MinSizeRel|Win32.Build.0 = MinSizeRel|Win32
		{7A34DD05-28DC-4393-BCD3-4F891C21FC31}.RelWithDebInfo|Win32.ActiveCfg = RelWithDebInfo|Win32
		{7A34DD05-28DC-4393-BCD3-4F891C21FC31}.RelWithDebInfo|Win32.Build.0 = RelWithDebInfo|Win32
		{B36CB4BF-EA4B-4982-BAC4-8C82798BD8D0}.Debug|Win32.ActiveCfg = Debug|Win32
		{B36CB4BF-EA4B-4982-BAC4-8C82798BD8D0}.Debug|Win32.Build.0 = Debug|Win32
		{B36CB4BF-EA4B-4982-BAC4-8C82798BD8D0}.Release|Win32.ActiveCfg = Release|Win32
		{B36CB4BF-EA4B-4982-BAC4-8C82798BD8D0}.Release|Win32.Build.0 = Release|Win32
		{B36CB4BF-EA4B-4982-BAC4-8C82798BD8D0}.MinSizeRel|Win32.ActiveCfg = MinSizeRel|Win32
		{B36CB4BF-EA4B-4982-BAC4-8C82798BD8D0}.MinSizeRel|Win32.Build.0 = MinSizeRel|Win32
		{B36CB4BF-EA4B-4982-BAC4-8C82798BD8D0}.RelWithDebInfo|Win32.ActiveCfg = RelWithDebInfo|Win32
		{B36CB4BF-EA4B-4982-BAC4-8C82798BD8D0}.RelWithDebInfo|Win32.Build.0 = RelWithDebInfo|Win32
		{7C724795-965E-47BF-8CDD-EC26A9177A81}.Debug|Win32.ActiveCfg = Debug|Win32
		{7C724795-965E-47BF-8CDD-EC26A9177A81}.Debug|Win32.Build.0 = Debug|Win32
		{7C724795-965E-47BF-8CDD-EC26A9177A81}.Release|Win32.ActiveCfg = Release|Win32
		{7C724795-965E-47BF-8CDD-EC26A9177A81}.Release|Win32.Build.0 = Release|Win32
		{7C724795-965E-47BF-8CDD-EC26A9177A81}.MinSizeRel|Win32.ActiveCfg = MinSizeRel|Win32
		{7C724795-965E-47BF-8CDD-EC26A9177A81}.MinSizeRel|Win32.Build.0 = MinSizeRel|Win32
		{7C724795-965E-47BF-8CDD-EC26A9177A81}.RelWithDebInfo|Win32.ActiveCfg = RelWithDebInfo|Win32
		{7C724795-965E-47BF-8CDD-EC26A9177A81}.RelWithDebInfo|Win32.Build.0 = RelWithDebInfo|Win32
		{2798E5A4-4554-4A06-A686-8C89F6510261}.Debug|Win32.ActiveCfg = Debug|Win32
		{2798E5A4-4554-4A06-A686-8C89F6510261}.Release|Win32.ActiveCfg = Release|Win32
		{2798E5A4-4554-4A06-A686-8C89F6510261}.MinSizeRel|Win32.ActiveCfg = MinSizeRel|Win32
		{2798E5A4-4554-4A06-A686-8C89F6510261}.RelWithDebInfo|Win32.ActiveCfg = RelWithDebInfo|Win32
		{A265CF3C-13C6-403D-B7FD-6B7C16187F34}.Debug|Win32.ActiveCfg = Debug|Win32
		{A265CF3C-13C6-403D-B7FD-6B7C16187F34}.Debug|Win32.Build.0 = Debug|Win32
		{A265CF3C-13C6-403D-B7FD-6B7C16187F34}.Release|Win32.ActiveCfg = Release|Win32
		{A265CF3C-13C6-403D-B7FD-6B7C16187F34}.Release|Win32.Build.0 = Release|Win32
		{A265CF3C-13C6-403D-B7FD-6B7C16187F34}.MinSizeRel|Win32.ActiveCfg = MinSizeRel|Win32
		{A265CF3C-13C6-403D-B7FD-6B7C16187F34}.MinSizeRel|Win32.Build.0 = MinSizeRel|Win32
		{A265CF3C-13C6-403D-B7FD-6B7C16187F34}.RelWithDebInfo|Win32.ActiveCfg = RelWithDebInfo|Win32
		{A265CF3C-13C6-403D-B7FD-6B7C16187F34}.RelWithDebInfo|Win32.Build.0 = RelWithDebInfo|Win32
		{BD34D5F4-EF25-428C-BBA2-B91A121E5F0B}.Debug|Win32.ActiveCfg = Debug|Win32
		{BD34D5F4-EF25-428C-BBA2-B91A121E5F0B}.Debug|Win32.Build.0 = Debug|Win32
		{BD34D5F4-EF25-428C-BBA2-B91A121E5F0B}.Release|Win32.ActiveCfg = Release|Win32
		{BD34D5F4-EF25-428C-BBA2-B91A121E5F0B}.Release|Win32.Build.0 = Release|Win32
		{BD34D5F4-EF25-428C-BBA2-B91A121E5F0B}.MinSizeRel|Win32.ActiveCfg = MinSizeRel|Win32
		{BD34D5F4-EF25-428C-BBA2-B91A121E5F0B}.MinSizeRel|Win32.Build.0 = MinSizeRel|Win32
		{BD34D5F4-EF25-428C-BBA2-B91A121E5F0B}.RelWithDebInfo|Win32.ActiveCfg = RelWithDebInfo|Win32
		{BD34D5F4-EF25-428C-BBA2-B91A121E5F0B}.RelWithDebInfo|Win32.Build.0 = RelWithDebInfo|Win32
		{18434202-1AF0-41C1-AB4F-921BA55900F7}.Debug|Win32.ActiveCfg = Debug|Win32
		{18434202-1AF0-41C1-AB4F-921BA55900F7}.Debug|Win32.Build.0 = Debug|Win32
		{18434202-1AF0-41C1-AB4F-921BA55900F7}.Release|Win32.ActiveCfg = Release|Win32
		{18434202-1AF0-41C1-AB4F-921BA55900F7}.Release|Win32.Build.0 = Release|Win32
		{18434202-1AF0-41C1-AB4F-921BA55900F7}.MinSizeRel|Win32.ActiveCfg = MinSizeRel|Win32
		{18434202-1AF0-41C1-AB4F-921BA55900F7}.MinSizeRel|Win32.Build.0 = MinSizeRel|Win32
		{18434202-1AF0-41C1-AB4F-921BA55900F7}.RelWithDebInfo|Win32.ActiveCfg = RelWithDebInfo|Win32
		{18434202-1AF0-41C1-AB4F-921BA55900F7}.RelWithDebInfo|Win32.Build.0 = RelWithDebInfo|Win32
		{83FE2B15-8FB8-4E98-8E56-DEDE2C61A057}.Debug|Win32.ActiveCfg = Debug|Win32
		{83FE2B15-8FB8-4E98-8E56-DEDE2C61A057}.Debug|Win32.Build.0 = Debug|Win32
		{83FE2B15-8FB8-4E98-8E56-DEDE2C61A057}.Release|Win32.ActiveCfg = Release|Win32
		{83FE2B15-8FB8-4E98-8E56-DEDE2C61A057}.Release|Win32.Build.0 = Release|Win32
		{83FE2B15-8FB8-4E98-8E56-DEDE2C61A057}.MinSizeRel|Win32.ActiveCfg = MinSizeRel|Win32
		{83FE2B15-8FB8-4E98-8E56-DEDE2C61A057}.MinSizeRel|Win32.Build.0 = MinSizeRel|Win32
		{83FE2B15-8FB8-4E98-8E56-DEDE2C61A057}.RelWithDebInfo|Win32.ActiveCfg = RelWithDebInfo|Win32
		{83FE2B15-8FB8-4E98-8E56-DEDE2C61A057}.RelWithDebInfo|Win32.Build.0 = RelWithDebInfo|Win32
		{55C06465-AE2A-4254-A221-D628F1C70306}.Debug|Win32.ActiveCfg = Debug|Win32
		{55C06465-AE2A-4254-A221-D628F1C70306}.Debug|Win32.Build.0 = Debug|Win32
		{55C06465-AE2A-4254-A221-D628F1C70306}.Release|Win32.ActiveCfg = Release|Win32
		{55C06465-AE2A-4254-A221-D628F1C70306}.Release|Win32.Build.0 = Release|Win32
		{55C06465-AE2A-4254-A221-D628F1C70306}.MinSizeRel|Win32.ActiveCfg = MinSizeRel|Win32
		{55C06465-AE2A-4254-A221-D628F1C70306}.MinSizeRel|Win32.Build.0 = MinSizeRel|Win32
		{55C06465-AE2A-4254-A221-D628F1C70306}.RelWithDebInfo|Win32.ActiveCfg = RelWithDebInfo|Win32
		{55C06465-AE2A-4254-A221-D628F1C70306}.RelWithDebInfo|Win32.Build.0 = RelWithDebInfo|Win32
		{C7EC6BC0-5AEF-4FD0-B6D8-64D5B7B0B55B}.Debug|Win32.ActiveCfg = Debug|Win32
		{C7EC6BC0-5AEF-4FD0-B6D8-64D5B7B0B55B}.Debug|Win32.Build.0 = Debug|Win32
		{C7EC6BC0-5AEF-4FD0-B6D8-64D5B7B0B55B}.Release|Win32.ActiveCfg = Release|Win32
		{C7EC6BC0-5AEF-4FD0-B6D8-64D5B7B0B55B}.Release|Win32.Build.0 = Release|Win32
		{C7EC6BC0-5AEF-4FD0-B6D8-64D5B7B0B55B}.MinSizeRel|Win32.ActiveCfg = MinSizeRel|Win32
		{C7EC6BC0-5AEF-4FD0-B6D8-64D5B7B0B55B}.MinSizeRel|Win32.Build.0 = MinSizeRel|Win32
		{C7EC6BC0-5AEF-4FD0-B6D8-64D5B7B0B55B}.RelWithDebInfo|Win32.ActiveCfg = RelWithDebInfo|Win32
		{C7EC6BC0-5AEF-4FD0-B6D8-64D5B7B0B55B}.RelWithDebInfo|Win32.Build.0 = RelWithDebInfo|Win32
		{DADE7613-CCCA-4DBB-8793-55EE162AC9B4}.Debug|Win32.ActiveCfg = Debug|Win32
		{DADE7613-CCCA-4DBB-8793-55EE162AC9B4}.Debug|Win32.Build.0 = Debug|Win32
		{DADE7613-CCCA-4DBB-8793-55EE162AC9B4}.Release|Win32.ActiveCfg = Release|Win32
		{DADE7613-CCCA-4DBB-8793-55EE162AC9B4}.Release|Win32.Build.0 = Release|Win32
		{DADE7613-CCCA-4DBB-8793-55EE162AC9B4}.MinSizeRel|Win32.ActiveCfg = MinSizeRel|Win32
		{DADE7613-CCCA-4DBB-8793-55EE162AC9B4}.MinSizeRel|Win32.Build.0 = MinSizeRel|Win32
		{DADE7613-CCCA-4DBB-8793-55EE162AC9B4}.RelWithDebInfo|Win32.ActiveCfg = RelWithDebInfo|Win32
		{DADE7613-CCCA-4DBB-8793-55EE162AC9B4}.RelWithDebInfo|Win32.Build.0 = RelWithDebInfo|Win32
		{3035EA70-40C9-4070-9E48-EC645D597104}.Debug|Win32.ActiveCfg = Debug|Win32
		{3035EA70-40C9-4070-9E48-EC645D597104}.Debug|Win32.Build.0 = Debug|Win32
		{3035EA70-40C9-4070-9E48-EC645D597104}.Release|Win32.ActiveCfg = Release|Win32
		{3035EA70-40C9-4070-9E48-EC645D597104}.Release|Win32.Build.0 = Release|Win32
		{3035EA70-40C9-4070-9E48-EC645D597104}.MinSizeRel|Win32.ActiveCfg = MinSizeRel|Win32
		{3035EA70-40C9-4070-9E48-EC645D597104}.MinSizeRel|Win32.Build.0 = MinSizeRel|Win32
		{3035EA70-40C9-4070-9E48-EC645D597104}.RelWithDebInfo|Win32.ActiveCfg = RelWithDebInfo|Win32
		{3035EA70-40C9-4070-9E48-EC645D597104}.RelWithDebInfo|Win32.Build.0 = RelWithDebInfo|Win32
		{C22D1EB0-5AF3-4542-BEC2-CB8F1DA3B0D8}.Debug|Win32.ActiveCfg = Debug|Win32
		{C22D1EB0-5AF3-4542-BEC2-CB8F1DA3B0D8}.Debug|Win32.Build.0 = Debug|Win32
		{C22D1EB0-5AF3-4542-BEC2-CB8F1DA3B0D8}.Release|Win32.ActiveCfg = Release|Win32
		{C22D1EB0-5AF3-4542-BEC2-CB8F1DA3B0D8}.Release|Win32.Build.0 = Release|Win32
		{C22D1EB0-5AF3-4542-BEC2-CB8F1DA3B0D8}.MinSizeRel|Win32.ActiveCfg = MinSizeRel|Win32
		{C22D1EB0-5AF3-4542-BEC2-CB8F1DA3B0D8}.MinSizeRel|Win32.Build.0 = MinSizeRel|Win32
		{C22D1EB0-5AF3-4542-BEC2-CB8F1DA3B0D8}.RelWithDebInfo|Win32.ActiveCfg = RelWithDebInfo|Win32
		{C22D1EB0-5AF3-4542-BEC2-CB8F1DA3B0D8}.RelWithDebInfo|Win32.Build.0 = RelWithDebInfo|Win32
		{B0A76777-CB4B-45DB-B886-A3103B0D2698}.Debug|Win32.ActiveCfg = Debug|Win32
		{B0A76777-CB4B-45DB-B886-A3103B0D2698}.Debug|Win32.Build.0 = Debug|Win32
		{B0A76777-CB4B-45DB-B886-A3103B0D2698}.Release|Win32.ActiveCfg = Release|Win32
		{B0A76777-CB4B-45DB-B886-A3103B0D2698}.Release|Win32.Build.0 = Release|Win32
		{B0A76777-CB4B-45DB-B886-A3103B0D2698}.MinSizeRel|Win32.ActiveCfg = MinSizeRel|Win32
		{B0A76777-CB4B-45DB-B886-A3103B0D2698}.MinSizeRel|Win32.Build.0 = MinSizeRel|Win32
		{B0A76777-CB4B-45DB-B886-A3103B0D2698}.RelWithDebInfo|Win32.ActiveCfg = RelWithDebInfo|Win32
		{B0A76777-CB4B-45DB-B886-A3103B0D2698}.RelWithDebInfo|Win32.Build.0 = RelWithDebInfo|Win32
		{40637C2C-8BA1-4FD0-9114-8CA30EFAB2F9}.Debug|Win32.ActiveCfg = Debug|Win32
		{40637C2C-8BA1-4FD0-9114-8CA30EFAB2F9}.Debug|Win32.Build.0 = Debug|Win32
		{40637C2C-8BA1-4FD0-9114-8CA30EFAB2F9}.Release|Win32.ActiveCfg = Release|Win32
		{40637C2C-8BA1-4FD0-9114-8CA30EFAB2F9}.Release|Win32.Build.0 = Release|Win32
		{40637C2C-8BA1-4FD0-9114-8CA30EFAB2F9}.MinSizeRel|Win32.ActiveCfg = MinSizeRel|Win32
		{40637C2C-8BA1-4FD0-9114-8CA30EFAB2F9}.MinSizeRel|Win32.Build.0 = MinSizeRel|Win32
		{40637C2C-8BA1-4FD0-9114-8CA30EFAB2F9}.RelWithDebInfo|Win32.ActiveCfg = RelWithDebInfo|Win32
		{40637C2C-8BA1-4FD0-9114-8CA30EFAB2F9}.RelWithDebInfo|Win32.Build.0 = RelWithDebInfo|Win32
		{944B545B-782E-477C-A480-8BCBC6EE2B95}.Debug|Win32.ActiveCfg = Debug|Win32
		{944B545B-782E-477C-A480-8BCBC6EE2B95}.Debug|Win32.Build.0 = Debug|Win32
		{944B545B-782E-477C-A480-8BCBC6EE2B95}.Release|Win32.ActiveCfg = Release|Win32
		{944B545B-782E-477C-A480-8BCBC6EE2B95}.Release|Win32.Build.0 = Release|Win32
		{944B545B-782E-477C-A480-8BCBC6EE2B95}.MinSizeRel|Win32.ActiveCfg = MinSizeRel|Win32
		{944B545B-782E-477C-A480-8BCBC6EE2B95}.MinSizeRel|Win32.Build.0 = MinSizeRel|Win32
		{944B545B-782E-477C-A480-8BCBC6EE2B95}.RelWithDebInfo|Win32.ActiveCfg = RelWithDebInfo|Win32
		{944B545B-782E-477C-A480-8BCBC6EE2B95}.RelWithDebInfo|Win32.Build.0 = RelWithDebInfo|Win32
		{BF2B44AE-AE30-42BC-84F4-0481D725E0AD}.Debug|Win32.ActiveCfg = Debug|Win32
		{BF2B44AE-AE30-42BC-84F4-0481D725E0AD}.Debug|Win32.Build.0 = Debug|Win32
		{BF2B44AE-AE30-42BC-84F4-0481D725E0AD}.Release|Win32.ActiveCfg = Release|Win32
		{BF2B44AE-AE30-42BC-84F4-0481D725E0AD}.Release|Win32.Build.0 = Release|Win32
		{BF2B44AE-AE30-42BC-84F4-0481D725E0AD}.MinSizeRel|Win32.ActiveCfg = MinSizeRel|Win32
		{BF2B44AE-AE30-42BC-84F4-0481D725E0AD}.MinSizeRel|Win32.Build.0 = MinSizeRel|Win32
		{BF2B44AE-AE30-42BC-84F4-0481D725E0AD}.RelWithDebInfo|Win32.ActiveCfg = RelWithDebInfo|Win32
		{BF2B44AE-AE30-42BC-84F4-0481D725E0AD}.RelWithDebInfo|Win32.Build.0 = RelWithDebInfo|Win32
		{C56B790F-0636-49C0-86CB-B044CA6F3DE1}.Debug|Win32.ActiveCfg = Debug|Win32
		{C56B790F-0636-49C0-86CB-B044CA6F3DE1}.Debug|Win32.Build.0 = Debug|Win32
		{C56B790F-0636-49C0-86CB-B044CA6F3DE1}.Release|Win32.ActiveCfg = Release|Win32
		{C56B790F-0636-49C0-86CB-B044CA6F3DE1}.Release|Win32.Build.0 = Release|Win32
		{C56B790F-0636-49C0-86CB-B044CA6F3DE1}.MinSizeRel|Win32.ActiveCfg = MinSizeRel|Win32
		{C56B790F-0636-49C0-86CB-B044CA6F3DE1}.MinSizeRel|Win32.Build.0 = MinSizeRel|Win32
		{C56B790F-0636-49C0-86CB-B044CA6F3DE1}.RelWithDebInfo|Win32.ActiveCfg = RelWithDebInfo|Win32
		{C56B790F-0636-49C0-86CB-B044CA6F3DE1}.RelWithDebInfo|Win32.Build.0 = RelWithDebInfo|Win32
		{3BCF8DD7-D383-4F71-8B4B-ECC280BDFE0C}.Debug|Win32.ActiveCfg = Debug|Win32
		{3BCF8DD7-D383-4F71-8B4B-ECC280BDFE0C}.Debug|Win32.Build.0 = Debug|Win32
		{3BCF8DD7-D383-4F71-8B4B-ECC280BDFE0C}.Release|Win32.ActiveCfg = Release|Win32
		{3BCF8DD7-D383-4F71-8B4B-ECC280BDFE0C}.Release|Win32.Build.0 = Release|Win32
		{3BCF8DD7-D383-4F71-8B4B-ECC280BDFE0C}.MinSizeRel|Win32.ActiveCfg = MinSizeRel|Win32
		{3BCF8DD7-D383-4F71-8B4B-ECC280BDFE0C}.MinSizeRel|Win32.Build.0 = MinSizeRel|Win32
		{3BCF8DD7-D383-4F71-8B4B-ECC280BDFE0C}.RelWithDebInfo|Win32.ActiveCfg = RelWithDebInfo|Win32
		{3BCF8DD7-D383-4F71-8B4B-ECC280BDFE0C}.RelWithDebInfo|Win32.Build.0 = RelWithDebInfo|Win32
		{85740C60-4BF5-46DD-857A-DC28CE50CED9}.Debug|Win32.ActiveCfg = Debug|Win32
		{85740C60-4BF5-46DD-857A-DC28CE50CED9}.Debug|Win32.Build.0 = Debug|Win32
		{85740C60-4BF5-46DD-857A-DC28CE50CED9}.Release|Win32.ActiveCfg = Release|Win32
		{85740C60-4BF5-46DD-857A-DC28CE50CED9}.Release|Win32.Build.0 = Release|Win32
		{85740C60-4BF5-46DD-857A-DC28CE50CED9}.MinSizeRel|Win32.ActiveCfg = MinSizeRel|Win32
		{85740C60-4BF5-46DD-857A-DC28CE50CED9}.MinSizeRel|Win32.Build.0 = MinSizeRel|Win32
		{85740C60-4BF5-46DD-857A-DC28CE50CED9}.RelWithDebInfo|Win32.ActiveCfg = RelWithDebInfo|Win32
		{85740C60-4BF5-46DD-857A-DC28CE50CED9}.RelWithDebInfo|Win32.Build.0 = RelWithDebInfo|Win32
		{1006C6CF-CD78-4D5D-B650-8FAE7EE8027E}.Debug|Win32.ActiveCfg = Debug|Win32
		{1006C6CF-CD78-4D5D-B650-8FAE7EE8027E}.Debug|Win32.Build.0 = Debug|Win32
		{1006C6CF-CD78-4D5D-B650-8FAE7EE8027E}.Release|Win32.ActiveCfg = Release|Win32
		{1006C6CF-CD78-4D5D-B650-8FAE7EE8027E}.Release|Win32.Build.0 = Release|Win32
		{1006C6CF-CD78-4D5D-B650-8FAE7EE8027E}.MinSizeRel|Win32.ActiveCfg = MinSizeRel|Win32
		{1006C6CF-CD78-4D5D-B650-8FAE7EE8027E}.MinSizeRel|Win32.Build.0 = MinSizeRel|Win32
		{1006C6CF-CD78-4D5D-B650-8FAE7EE8027E}.RelWithDebInfo|Win32.ActiveCfg = RelWithDebInfo|Win32
		{1006C6CF-CD78-4D5D-B650-8FAE7EE8027E}.RelWithDebInfo|Win32.Build.0 = RelWithDebInfo|Win32
		{B890298F-3106-4A57-B095-2043971CAE67}.Debug|Win32.ActiveCfg = Debug|Win32
		{B890298F-3106-4A57-B095-2043971CAE67}.Debug|Win32.Build.0 = Debug|Win32
		{B890298F-3106-4A57-B095-2043971CAE67}.Release|Win32.ActiveCfg = Release|Win32
		{B890298F-3106-4A57-B095-2043971CAE67}.Release|Win32.Build.0 = Release|Win32
		{B890298F-3106-4A57-B095-2043971CAE67}.MinSizeRel|Win32.ActiveCfg = MinSizeRel|Win32
		{B890298F-3106-4A57-B095-2043971CAE67}.MinSizeRel|Win32.Build.0 = MinSizeRel|Win32
		{B890298F-3106-4A57-B095-2043971CAE67}.RelWithDebInfo|Win32.ActiveCfg = RelWithDebInfo|Win32
		{B890298F-3106-4A57-B095-2043971CAE67}.RelWithDebInfo|Win32.Build.0 = RelWithDebInfo|Win32
		{8BDCC9D7-AFD0-4E66-97E1-1074B10FA66E}.Debug|Win32.ActiveCfg = Debug|Win32
		{8BDCC9D7-AFD0-4E66-97E1-1074B10FA66E}.Debug|Win32.Build.0 = Debug|Win32
		{8BDCC9D7-AFD0-4E66-97E1-1074B10FA66E}.Release|Win32.ActiveCfg = Release|Win32
		{8BDCC9D7-AFD0-4E66-97E1-1074B10FA66E}.Release|Win32.Build.0 = Release|Win32
		{8BDCC9D7-AFD0-4E66-97E1-1074B10FA66E}.MinSizeRel|Win32.ActiveCfg = MinSizeRel|Win32
		{8BDCC9D7-AFD0-4E66-97E1-1074B10FA66E}.MinSizeRel|Win32.Build.0 = MinSizeRel|Win32
		{8BDCC9D7-AFD0-4E66-97E1-1074B10FA66E}.RelWithDebInfo|Win32.ActiveCfg = RelWithDebInfo|Win32
		{8BDCC9D7-AFD0-4E66-97E1-1074B10FA66E}.RelWithDebInfo|Win32.Build.0 = RelWithDebInfo|Win32
		{47B363F4-42B4-4317-AA41-CA2BC295E505}.Debug|Win32.ActiveCfg = Debug|Win32
		{47B363F4-42B4-4317-AA41-CA2BC295E505}.Debug|Win32.Build.0 = Debug|Win32
		{47B363F4-42B4-4317-AA41-CA2BC295E505}.Release|Win32.ActiveCfg = Release|Win32
		{47B363F4-42B4-4317-AA41-CA2BC295E505}.Release|Win32.Build.0 = Release|Win32
		{47B363F4-42B4-4317-AA41-CA2BC295E505}.MinSizeRel|Win32.ActiveCfg = MinSizeRel|Win32
		{47B363F4-42B4-4317-AA41-CA2BC295E505}.MinSizeRel|Win32.Build.0 = MinSizeRel|Win32
		{47B363F4-42B4-4317-AA41-CA2BC295E505}.RelWithDebInfo|Win32.ActiveCfg = RelWithDebInfo|Win32
		{47B363F4-42B4-4317-AA41-CA2BC295E505}.RelWithDebInfo|Win32.Build.0 = RelWithDebInfo|Win32
		{A71FB59C-7352-4EC5-BE60-8998EB723CAD}.Debug|Win32.ActiveCfg = Debug|Win32
		{A71FB59C-7352-4EC5-BE60-8998EB723CAD}.Debug|Win32.Build.0 = Debug|Win32
		{A71FB59C-7352-4EC5-BE60-8998EB723CAD}.Release|Win32.ActiveCfg = Release|Win32
		{A71FB59C-7352-4EC5-BE60-8998EB723CAD}.Release|Win32.Build.0 = Release|Win32
		{A71FB59C-7352-4EC5-BE60-8998EB723CAD}.MinSizeRel|Win32.ActiveCfg = MinSizeRel|Win32
		{A71FB59C-7352-4EC5-BE60-8998EB723CAD}.MinSizeRel|Win32.Build.0 = MinSizeRel|Win32
		{A71FB59C-7352-4EC5-BE60-8998EB723CAD}.RelWithDebInfo|Win32.ActiveCfg = RelWithDebInfo|Win32
		{A71FB59C-7352-4EC5-BE60-8998EB723CAD}.RelWithDebInfo|Win32.Build.0 = RelWithDebInfo|Win32
		{B1BF172E-CCCE-4AEF-A782-C23BEB51E5D2}.Debug|Win32.ActiveCfg = Debug|Win32
		{B1BF172E-CCCE-4AEF-A782-C23BEB51E5D2}.Debug|Win32.Build.0 = Debug|Win32
		{B1BF172E-CCCE-4AEF-A782-C23BEB51E5D2}.Release|Win32.ActiveCfg = Release|Win32
		{B1BF172E-CCCE-4AEF-A782-C23BEB51E5D2}.Release|Win32.Build.0 = Release|Win32
		{B1BF172E-CCCE-4AEF-A782-C23BEB51E5D2}.MinSizeRel|Win32.ActiveCfg = MinSizeRel|Win32
		{B1BF172E-CCCE-4AEF-A782-C23BEB51E5D2}.MinSizeRel|Win32.Build.0 = MinSizeRel|Win32
		{B1BF172E-CCCE-4AEF-A782-C23BEB51E5D2}.RelWithDebInfo|Win32.ActiveCfg = RelWithDebInfo|Win32
		{B1BF172E-CCCE-4AEF-A782-C23BEB51E5D2}.RelWithDebInfo|Win32.Build.0 = RelWithDebInfo|Win32
		{AC0D72E1-307D-4E21-A004-151058D7C871}.Debug|Win32.ActiveCfg = Debug|Win32
		{AC0D72E1-307D-4E21-A004-151058D7C871}.Debug|Win32.Build.0 = Debug|Win32
		{AC0D72E1-307D-4E21-A004-151058D7C871}.Release|Win32.ActiveCfg = Release|Win32
		{AC0D72E1-307D-4E21-A004-151058D7C871}.Release|Win32.Build.0 = Release|Win32
		{AC0D72E1-307D-4E21-A004-151058D7C871}.MinSizeRel|Win32.ActiveCfg = MinSizeRel|Win32
		{AC0D72E1-307D-4E21-A004-151058D7C871}.MinSizeRel|Win32.Build.0 = MinSizeRel|Win32
		{AC0D72E1-307D-4E21-A004-151058D7C871}.RelWithDebInfo|Win32.ActiveCfg = RelWithDebInfo|Win32
		{AC0D72E1-307D-4E21-A004-151058D7C871}.RelWithDebInfo|Win32.Build.0 = RelWithDebInfo|Win32
		{53EA7D44-0935-4757-AD48-E937867C1E70}.Debug|Win32.ActiveCfg = Debug|Win32
		{53EA7D44-0935-4757-AD48-E937867C1E70}.Debug|Win32.Build.0 = Debug|Win32
		{53EA7D44-0935-4757-AD48-E937867C1E70}.Release|Win32.ActiveCfg = Release|Win32
		{53EA7D44-0935-4757-AD48-E937867C1E70}.Release|Win32.Build.0 = Release|Win32
		{53EA7D44-0935-4757-AD48-E937867C1E70}.MinSizeRel|Win32.ActiveCfg = MinSizeRel|Win32
		{53EA7D44-0935-4757-AD48-E937867C1E70}.MinSizeRel|Win32.Build.0 = MinSizeRel|Win32
		{53EA7D44-0935-4757-AD48-E937867C1E70}.RelWithDebInfo|Win32.ActiveCfg = RelWithDebInfo|Win32
		{53EA7D44-0935-4757-AD48-E937867C1E70}.RelWithDebInfo|Win32.Build.0 = RelWithDebInfo|Win32
		{556539E7-FE63-4098-A715-D66FB919A6E1}.Debug|Win32.ActiveCfg = Debug|Win32
		{556539E7-FE63-4098-A715-D66FB919A6E1}.Debug|Win32.Build.0 = Debug|Win32
		{556539E7-FE63-4098-A715-D66FB919A6E1}.Release|Win32.ActiveCfg = Release|Win32
		{556539E7-FE63-4098-A715-D66FB919A6E1}.Release|Win32.Build.0 = Release|Win32
		{556539E7-FE63-4098-A715-D66FB919A6E1}.MinSizeRel|Win32.ActiveCfg = MinSizeRel|Win32
		{556539E7-FE63-4098-A715-D66FB919A6E1}.MinSizeRel|Win32.Build.0 = MinSizeRel|Win32
		{556539E7-FE63-4098-A715-D66FB919A6E1}.RelWithDebInfo|Win32.ActiveCfg = RelWithDebInfo|Win32
		{556539E7-FE63-4098-A715-D66FB919A6E1}.RelWithDebInfo|Win32.Build.0 = RelWithDebInfo|Win32
		{9AF4650E-D623-40EC-BBEC-D6EA77E089CF}.Debug|Win32.ActiveCfg = Debug|Win32
		{9AF4650E-D623-40EC-BBEC-D6EA77E089CF}.Debug|Win32.Build.0 = Debug|Win32
		{9AF4650E-D623-40EC-BBEC-D6EA77E089CF}.Release|Win32.ActiveCfg = Release|Win32
		{9AF4650E-D623-40EC-BBEC-D6EA77E089CF}.Release|Win32.Build.0 = Release|Win32
		{9AF4650E-D623-40EC-BBEC-D6EA77E089CF}.MinSizeRel|Win32.ActiveCfg = MinSizeRel|Win32
		{9AF4650E-D623-40EC-BBEC-D6EA77E089CF}.MinSizeRel|Win32.Build.0 = MinSizeRel|Win32
		{9AF4650E-D623-40EC-BBEC-D6EA77E089CF}.RelWithDebInfo|Win32.ActiveCfg = RelWithDebInfo|Win32
		{9AF4650E-D623-40EC-BBEC-D6EA77E089CF}.RelWithDebInfo|Win32.Build.0 = RelWithDebInfo|Win32
		{61096BAB-5DB3-47E3-9BA7-B8310C716B5A}.Debug|Win32.ActiveCfg = Debug|Win32
		{61096BAB-5DB3-47E3-9BA7-B8310C716B5A}.Debug|Win32.Build.0 = Debug|Win32
		{61096BAB-5DB3-47E3-9BA7-B8310C716B5A}.Release|Win32.ActiveCfg = Release|Win32
		{61096BAB-5DB3-47E3-9BA7-B8310C716B5A}.Release|Win32.Build.0 = Release|Win32
		{61096BAB-5DB3-47E3-9BA7-B8310C716B5A}.MinSizeRel|Win32.ActiveCfg = MinSizeRel|Win32
		{61096BAB-5DB3-47E3-9BA7-B8310C716B5A}.MinSizeRel|Win32.Build.0 = MinSizeRel|Win32
		{61096BAB-5DB3-47E3-9BA7-B8310C716B5A}.RelWithDebInfo|Win32.ActiveCfg = RelWithDebInfo|Win32
		{61096BAB-5DB3-47E3-9BA7-B8310C716B5A}.RelWithDebInfo|Win32.Build.0 = RelWithDebInfo|Win32
		{2F3C1B03-D3A5-45CE-B713-7F3367AF25EC}.Debug|Win32.ActiveCfg = Debug|Win32
		{2F3C1B03-D3A5-45CE-B713-7F3367AF25EC}.Debug|Win32.Build.0 = Debug|Win32
		{2F3C1B03-D3A5-45CE-B713-7F3367AF25EC}.Release|Win32.ActiveCfg = Release|Win32
		{2F3C1B03-D3A5-45CE-B713-7F3367AF25EC}.Release|Win32.Build.0 = Release|Win32
		{2F3C1B03-D3A5-45CE-B713-7F3367AF25EC}.MinSizeRel|Win32.ActiveCfg = MinSizeRel|Win32
		{2F3C1B03-D3A5-45CE-B713-7F3367AF25EC}.MinSizeRel|Win32.Build.0 = MinSizeRel|Win32
		{2F3C1B03-D3A5-45CE-B713-7F3367AF25EC}.RelWithDebInfo|Win32.ActiveCfg = RelWithDebInfo|Win32
		{2F3C1B03-D3A5-45CE-B713-7F3367AF25EC}.RelWithDebInfo|Win32.Build.0 = RelWithDebInfo|Win32
		{F6615E43-5C06-4358-AEDD-3C94B725B76E}.Debug|Win32.ActiveCfg = Debug|Win32
		{F6615E43-5C06-4358-AEDD-3C94B725B76E}.Debug|Win32.Build.0 = Debug|Win32
		{F6615E43-5C06-4358-AEDD-3C94B725B76E}.Release|Win32.ActiveCfg = Release|Win32
		{F6615E43-5C06-4358-AEDD-3C94B725B76E}.Release|Win32.Build.0 = Release|Win32
		{F6615E43-5C06-4358-AEDD-3C94B725B76E}.MinSizeRel|Win32.ActiveCfg = MinSizeRel|Win32
		{F6615E43-5C06-4358-AEDD-3C94B725B76E}.MinSizeRel|Win32.Build.0 = MinSizeRel|Win32
		{F6615E43-5C06-4358-AEDD-3C94B725B76E}.RelWithDebInfo|Win32.ActiveCfg = RelWithDebInfo|Win32
		{F6615E43-5C06-4358-AEDD-3C94B725B76E}.RelWithDebInfo|Win32.Build.0 = RelWithDebInfo|Win32
		{00DFCFAA-31BF-441C-B281-E9175CB23819}.Debug|Win32.ActiveCfg = Debug|Win32
		{00DFCFAA-31BF-441C-B281-E9175CB23819}.Debug|Win32.Build.0 = Debug|Win32
		{00DFCFAA-31BF-441C-B281-E9175CB23819}.Release|Win32.ActiveCfg = Release|Win32
		{00DFCFAA-31BF-441C-B281-E9175CB23819}.Release|Win32.Build.0 = Release|Win32
		{00DFCFAA-31BF-441C-B281-E9175CB23819}.MinSizeRel|Win32.ActiveCfg = MinSizeRel|Win32
		{00DFCFAA-31BF-441C-B281-E9175CB23819}.MinSizeRel|Win32.Build.0 = MinSizeRel|Win32
		{00DFCFAA-31BF-441C-B281-E9175CB23819}.RelWithDebInfo|Win32.ActiveCfg = RelWithDebInfo|Win32
		{00DFCFAA-31BF-441C-B281-E9175CB23819}.RelWithDebInfo|Win32.Build.0 = RelWithDebInfo|Win32
		{085C0387-9C49-4F98-B8CC-3DA2A1DCD7E0}.Debug|Win32.ActiveCfg = Debug|Win32
		{085C0387-9C49-4F98-B8CC-3DA2A1DCD7E0}.Debug|Win32.Build.0 = Debug|Win32
		{085C0387-9C49-4F98-B8CC-3DA2A1DCD7E0}.Release|Win32.ActiveCfg = Release|Win32
		{085C0387-9C49-4F98-B8CC-3DA2A1DCD7E0}.Release|Win32.Build.0 = Release|Win32
		{085C0387-9C49-4F98-B8CC-3DA2A1DCD7E0}.MinSizeRel|Win32.ActiveCfg = MinSizeRel|Win32
		{085C0387-9C49-4F98-B8CC-3DA2A1DCD7E0}.MinSizeRel|Win32.Build.0 = MinSizeRel|Win32
		{085C0387-9C49-4F98-B8CC-3DA2A1DCD7E0}.RelWithDebInfo|Win32.ActiveCfg = RelWithDebInfo|Win32
		{085C0387-9C49-4F98-B8CC-3DA2A1DCD7E0}.RelWithDebInfo|Win32.Build.0 = RelWithDebInfo|Win32
		{69DD9182-6001-4E7D-8EFF-0EE25206AB71}.Debug|Win32.ActiveCfg = Debug|Win32
		{69DD9182-6001-4E7D-8EFF-0EE25206AB71}.Debug|Win32.Build.0 = Debug|Win32
		{69DD9182-6001-4E7D-8EFF-0EE25206AB71}.Release|Win32.ActiveCfg = Release|Win32
		{69DD9182-6001-4E7D-8EFF-0EE25206AB71}.Release|Win32.Build.0 = Release|Win32
		{69DD9182-6001-4E7D-8EFF-0EE25206AB71}.MinSizeRel|Win32.ActiveCfg = MinSizeRel|Win32
		{69DD9182-6001-4E7D-8EFF-0EE25206AB71}.MinSizeRel|Win32.Build.0 = MinSizeRel|Win32
		{69DD9182-6001-4E7D-8EFF-0EE25206AB71}.RelWithDebInfo|Win32.ActiveCfg = RelWithDebInfo|Win32
		{69DD9182-6001-4E7D-8EFF-0EE25206AB71}.RelWithDebInfo|Win32.Build.0 = RelWithDebInfo|Win32
		{FCFB537C-487D-428F-9C28-0A2E9FA444B3}.Debug|Win32.ActiveCfg = Debug|Win32
		{FCFB537C-487D-428F-9C28-0A2E9FA444B3}.Debug|Win32.Build.0 = Debug|Win32
		{FCFB537C-487D-428F-9C28-0A2E9FA444B3}.Release|Win32.ActiveCfg = Release|Win32
		{FCFB537C-487D-428F-9C28-0A2E9FA444B3}.Release|Win32.Build.0 = Release|Win32
		{FCFB537C-487D-428F-9C28-0A2E9FA444B3}.MinSizeRel|Win32.ActiveCfg = MinSizeRel|Win32
		{FCFB537C-487D-428F-9C28-0A2E9FA444B3}.MinSizeRel|Win32.Build.0 = MinSizeRel|Win32
		{FCFB537C-487D-428F-9C28-0A2E9FA444B3}.RelWithDebInfo|Win32.ActiveCfg = RelWithDebInfo|Win32
		{FCFB537C-487D-428F-9C28-0A2E9FA444B3}.RelWithDebInfo|Win32.Build.0 = RelWithDebInfo|Win32
		{087E7492-4C45-4618-8FB3-A21D25D968EE}.Debug|Win32.ActiveCfg = Debug|Win32
		{087E7492-4C45-4618-8FB3-A21D25D968EE}.Debug|Win32.Build.0 = Debug|Win32
		{087E7492-4C45-4618-8FB3-A21D25D968EE}.Release|Win32.ActiveCfg = Release|Win32
		{087E7492-4C45-4618-8FB3-A21D25D968EE}.Release|Win32.Build.0 = Release|Win32
		{087E7492-4C45-4618-8FB3-A21D25D968EE}.MinSizeRel|Win32.ActiveCfg = MinSizeRel|Win32
		{087E7492-4C45-4618-8FB3-A21D25D968EE}.MinSizeRel|Win32.Build.0 = MinSizeRel|Win32
		{087E7492-4C45-4618-8FB3-A21D25D968EE}.RelWithDebInfo|Win32.ActiveCfg = RelWithDebInfo|Win32
		{087E7492-4C45-4618-8FB3-A21D25D968EE}.RelWithDebInfo|Win32.Build.0 = RelWithDebInfo|Win32
		{F079B846-DCA2-476E-969C-FF8FE0A37E1D}.Debug|Win32.ActiveCfg = Debug|Win32
		{F079B846-DCA2-476E-969C-FF8FE0A37E1D}.Debug|Win32.Build.0 = Debug|Win32
		{F079B846-DCA2-476E-969C-FF8FE0A37E1D}.Release|Win32.ActiveCfg = Release|Win32
		{F079B846-DCA2-476E-969C-FF8FE0A37E1D}.Release|Win32.Build.0 = Release|Win32
		{F079B846-DCA2-476E-969C-FF8FE0A37E1D}.MinSizeRel|Win32.ActiveCfg = MinSizeRel|Win32
		{F079B846-DCA2-476E-969C-FF8FE0A37E1D}.MinSizeRel|Win32.Build.0 = MinSizeRel|Win32
		{F079B846-DCA2-476E-969C-FF8FE0A37E1D}.RelWithDebInfo|Win32.ActiveCfg = RelWithDebInfo|Win32
		{F079B846-DCA2-476E-969C-FF8FE0A37E1D}.RelWithDebInfo|Win32.Build.0 = RelWithDebInfo|Win32
		{4008517B-E013-4939-A96C-15DE407DEBA4}.Debug|Win32.ActiveCfg = Debug|Win32
		{4008517B-E013-4939-A96C-15DE407DEBA4}.Debug|Win32.Build.0 = Debug|Win32
		{4008517B-E013-4939-A96C-15DE407DEBA4}.Release|Win32.ActiveCfg = Release|Win32
		{4008517B-E013-4939-A96C-15DE407DEBA4}.Release|Win32.Build.0 = Release|Win32
		{4008517B-E013-4939-A96C-15DE407DEBA4}.MinSizeRel|Win32.ActiveCfg = MinSizeRel|Win32
		{4008517B-E013-4939-A96C-15DE407DEBA4}.MinSizeRel|Win32.Build.0 = MinSizeRel|Win32
		{4008517B-E013-4939-A96C-15DE407DEBA4}.RelWithDebInfo|Win32.ActiveCfg = RelWithDebInfo|Win32
		{4008517B-E013-4939-A96C-15DE407DEBA4}.RelWithDebInfo|Win32.Build.0 = RelWithDebInfo|Win32
		{FE12BCAF-E568-49A1-8954-F5AB1923EE4B}.Debug|Win32.ActiveCfg = Debug|Win32
		{FE12BCAF-E568-49A1-8954-F5AB1923EE4B}.Debug|Win32.Build.0 = Debug|Win32
		{FE12BCAF-E568-49A1-8954-F5AB1923EE4B}.Release|Win32.ActiveCfg = Release|Win32
		{FE12BCAF-E568-49A1-8954-F5AB1923EE4B}.Release|Win32.Build.0 = Release|Win32
		{FE12BCAF-E568-49A1-8954-F5AB1923EE4B}.MinSizeRel|Win32.ActiveCfg = MinSizeRel|Win32
		{FE12BCAF-E568-49A1-8954-F5AB1923EE4B}.MinSizeRel|Win32.Build.0 = MinSizeRel|Win32
		{FE12BCAF-E568-49A1-8954-F5AB1923EE4B}.RelWithDebInfo|Win32.ActiveCfg = RelWithDebInfo|Win32
		{FE12BCAF-E568-49A1-8954-F5AB1923EE4B}.RelWithDebInfo|Win32.Build.0 = RelWithDebInfo|Win32
		{CD4DC430-477C-4AAF-B3B3-2FBD14EF9431}.Debug|Win32.ActiveCfg = Debug|Win32
		{CD4DC430-477C-4AAF-B3B3-2FBD14EF9431}.Debug|Win32.Build.0 = Debug|Win32
		{CD4DC430-477C-4AAF-B3B3-2FBD14EF9431}.Release|Win32.ActiveCfg = Release|Win32
		{CD4DC430-477C-4AAF-B3B3-2FBD14EF9431}.Release|Win32.Build.0 = Release|Win32
		{CD4DC430-477C-4AAF-B3B3-2FBD14EF9431}.MinSizeRel|Win32.ActiveCfg = MinSizeRel|Win32
		{CD4DC430-477C-4AAF-B3B3-2FBD14EF9431}.MinSizeRel|Win32.Build.0 = MinSizeRel|Win32
		{CD4DC430-477C-4AAF-B3B3-2FBD14EF9431}.RelWithDebInfo|Win32.ActiveCfg = RelWithDebInfo|Win32
		{CD4DC430-477C-4AAF-B3B3-2FBD14EF9431}.RelWithDebInfo|Win32.Build.0 = RelWithDebInfo|Win32
		{A31E5406-84CE-45EB-BD20-B1D136982F71}.Debug|Win32.ActiveCfg = Debug|Win32
		{A31E5406-84CE-45EB-BD20-B1D136982F71}.Debug|Win32.Build.0 = Debug|Win32
		{A31E5406-84CE-45EB-BD20-B1D136982F71}.Release|Win32.ActiveCfg = Release|Win32
		{A31E5406-84CE-45EB-BD20-B1D136982F71}.Release|Win32.Build.0 = Release|Win32
		{A31E5406-84CE-45EB-BD20-B1D136982F71}.MinSizeRel|Win32.ActiveCfg = MinSizeRel|Win32
		{A31E5406-84CE-45EB-BD20-B1D136982F71}.MinSizeRel|Win32.Build.0 = MinSizeRel|Win32
		{A31E5406-84CE-45EB-BD20-B1D136982F71}.RelWithDebInfo|Win32.ActiveCfg = RelWithDebInfo|Win32
		{A31E5406-84CE-45EB-BD20-B1D136982F71}.RelWithDebInfo|Win32.Build.0 = RelWithDebInfo|Win32
		{174C1525-6894-45C5-8920-AD7D5A086CF4}.Debug|Win32.ActiveCfg = Debug|Win32
		{174C1525-6894-45C5-8920-AD7D5A086CF4}.Debug|Win32.Build.0 = Debug|Win32
		{174C1525-6894-45C5-8920-AD7D5A086CF4}.Release|Win32.ActiveCfg = Release|Win32
		{174C1525-6894-45C5-8920-AD7D5A086CF4}.Release|Win32.Build.0 = Release|Win32
		{174C1525-6894-45C5-8920-AD7D5A086CF4}.MinSizeRel|Win32.ActiveCfg = MinSizeRel|Win32
		{174C1525-6894-45C5-8920-AD7D5A086CF4}.MinSizeRel|Win32.Build.0 = MinSizeRel|Win32
		{174C1525-6894-45C5-8920-AD7D5A086CF4}.RelWithDebInfo|Win32.ActiveCfg = RelWithDebInfo|Win32
		{174C1525-6894-45C5-8920-AD7D5A086CF4}.RelWithDebInfo|Win32.Build.0 = RelWithDebInfo|Win32
		{A1D8680C-7725-4886-A8EA-36F7AC0ECD33}.Debug|Win32.ActiveCfg = Debug|Win32
		{A1D8680C-7725-4886-A8EA-36F7AC0ECD33}.Debug|Win32.Build.0 = Debug|Win32
		{A1D8680C-7725-4886-A8EA-36F7AC0ECD33}.Release|Win32.ActiveCfg = Release|Win32
		{A1D8680C-7725-4886-A8EA-36F7AC0ECD33}.Release|Win32.Build.0 = Release|Win32
		{A1D8680C-7725-4886-A8EA-36F7AC0ECD33}.MinSizeRel|Win32.ActiveCfg = MinSizeRel|Win32
		{A1D8680C-7725-4886-A8EA-36F7AC0ECD33}.MinSizeRel|Win32.Build.0 = MinSizeRel|Win32
		{A1D8680C-7725-4886-A8EA-36F7AC0ECD33}.RelWithDebInfo|Win32.ActiveCfg = RelWithDebInfo|Win32
		{A1D8680C-7725-4886-A8EA-36F7AC0ECD33}.RelWithDebInfo|Win32.Build.0 = RelWithDebInfo|Win32
		{1CE81B4F-DFD2-44A1-A107-EC1CE28166D9}.Debug|Win32.ActiveCfg = Debug|Win32
		{1CE81B4F-DFD2-44A1-A107-EC1CE28166D9}.Debug|Win32.Build.0 = Debug|Win32
		{1CE81B4F-DFD2-44A1-A107-EC1CE28166D9}.Release|Win32.ActiveCfg = Release|Win32
		{1CE81B4F-DFD2-44A1-A107-EC1CE28166D9}.Release|Win32.Build.0 = Release|Win32
		{1CE81B4F-DFD2-44A1-A107-EC1CE28166D9}.MinSizeRel|Win32.ActiveCfg = MinSizeRel|Win32
		{1CE81B4F-DFD2-44A1-A107-EC1CE28166D9}.MinSizeRel|Win32.Build.0 = MinSizeRel|Win32
		{1CE81B4F-DFD2-44A1-A107-EC1CE28166D9}.RelWithDebInfo|Win32.ActiveCfg = RelWithDebInfo|Win32
		{1CE81B4F-DFD2-44A1-A107-EC1CE28166D9}.RelWithDebInfo|Win32.Build.0 = RelWithDebInfo|Win32
		{AB333E5E-AE70-47A6-96A6-C919911899EC}.Debug|Win32.ActiveCfg = Debug|Win32
		{AB333E5E-AE70-47A6-96A6-C919911899EC}.Debug|Win32.Build.0 = Debug|Win32
		{AB333E5E-AE70-47A6-96A6-C919911899EC}.Release|Win32.ActiveCfg = Release|Win32
		{AB333E5E-AE70-47A6-96A6-C919911899EC}.Release|Win32.Build.0 = Release|Win32
		{AB333E5E-AE70-47A6-96A6-C919911899EC}.MinSizeRel|Win32.ActiveCfg = MinSizeRel|Win32
		{AB333E5E-AE70-47A6-96A6-C919911899EC}.MinSizeRel|Win32.Build.0 = MinSizeRel|Win32
		{AB333E5E-AE70-47A6-96A6-C919911899EC}.RelWithDebInfo|Win32.ActiveCfg = RelWithDebInfo|Win32
		{AB333E5E-AE70-47A6-96A6-C919911899EC}.RelWithDebInfo|Win32.Build.0 = RelWithDebInfo|Win32
		{B401968A-B24E-4699-98EE-C5FC0BF6DE75}.Debug|Win32.ActiveCfg = Debug|Win32
		{B401968A-B24E-4699-98EE-C5FC0BF6DE75}.Debug|Win32.Build.0 = Debug|Win32
		{B401968A-B24E-4699-98EE-C5FC0BF6DE75}.Release|Win32.ActiveCfg = Release|Win32
		{B401968A-B24E-4699-98EE-C5FC0BF6DE75}.Release|Win32.Build.0 = Release|Win32
		{B401968A-B24E-4699-98EE-C5FC0BF6DE75}.MinSizeRel|Win32.ActiveCfg = MinSizeRel|Win32
		{B401968A-B24E-4699-98EE-C5FC0BF6DE75}.MinSizeRel|Win32.Build.0 = MinSizeRel|Win32
		{B401968A-B24E-4699-98EE-C5FC0BF6DE75}.RelWithDebInfo|Win32.ActiveCfg = RelWithDebInfo|Win32
		{B401968A-B24E-4699-98EE-C5FC0BF6DE75}.RelWithDebInfo|Win32.Build.0 = RelWithDebInfo|Win32
		{8CB1A0C7-9126-4CE9-BCBA-2ABF99111EE5}.Debug|Win32.ActiveCfg = Debug|Win32
		{8CB1A0C7-9126-4CE9-BCBA-2ABF99111EE5}.Debug|Win32.Build.0 = Debug|Win32
		{8CB1A0C7-9126-4CE9-BCBA-2ABF99111EE5}.Release|Win32.ActiveCfg = Release|Win32
		{8CB1A0C7-9126-4CE9-BCBA-2ABF99111EE5}.Release|Win32.Build.0 = Release|Win32
		{8CB1A0C7-9126-4CE9-BCBA-2ABF99111EE5}.MinSizeRel|Win32.ActiveCfg = MinSizeRel|Win32
		{8CB1A0C7-9126-4CE9-BCBA-2ABF99111EE5}.MinSizeRel|Win32.Build.0 = MinSizeRel|Win32
		{8CB1A0C7-9126-4CE9-BCBA-2ABF99111EE5}.RelWithDebInfo|Win32.ActiveCfg = RelWithDebInfo|Win32
		{8CB1A0C7-9126-4CE9-BCBA-2ABF99111EE5}.RelWithDebInfo|Win32.Build.0 = RelWithDebInfo|Win32
	EndGlobalSection
	GlobalSection(ExtensibilityGlobals) = postSolution
	EndGlobalSection
	GlobalSection(ExtensibilityAddIns) = postSolution
	EndGlobalSection
EndGlobal
