<?xml version="1.0" encoding="utf-8"?>
<Project ToolsVersion="4.0" xmlns="http://schemas.microsoft.com/developer/msbuild/2003">
  <ItemGroup>
    <ClCompile Include="src\OgreGrid2DPageStrategy.cpp">
      <Filter>Source Files</Filter>
    </ClCompile>
    <ClCompile Include="src\OgreGrid3DPageStrategy.cpp">
      <Filter>Source Files</Filter>
    </ClCompile>
    <ClCompile Include="src\OgrePage.cpp">
      <Filter>Source Files</Filter>
    </ClCompile>
    <ClCompile Include="src\OgrePageContent.cpp">
      <Filter>Source Files</Filter>
    </ClCompile>
    <ClCompile Include="src\OgrePageContentCollection.cpp">
      <Filter>Source Files</Filter>
    </ClCompile>
    <ClCompile Include="src\OgrePagedWorld.cpp">
      <Filter>Source Files</Filter>
    </ClCompile>
    <ClCompile Include="src\OgrePagedWorldSection.cpp">
      <Filter>Source Files</Filter>
    </ClCompile>
    <ClCompile Include="src\OgrePageManager.cpp">
      <Filter>Source Files</Filter>
    </ClCompile>
    <ClCompile Include="src\OgreSimplePageContentCollection.cpp">
      <Filter>Source Files</Filter>
    </ClCompile>
  </ItemGroup>
  <ItemGroup>
    <ClInclude Include="include\OgreGrid2DPageStrategy.h">
      <Filter>Header Files</Filter>
    </ClInclude>
    <ClInclude Include="include\OgreGrid3DPageStrategy.h">
      <Filter>Header Files</Filter>
    </ClInclude>
    <ClInclude Include="include\OgrePage.h">
      <Filter>Header Files</Filter>
    </ClInclude>
    <ClInclude Include="include\OgrePageConnection.h">
      <Filter>Header Files</Filter>
    </ClInclude>
    <ClInclude Include="include\OgrePageContent.h">
      <Filter>Header Files</Filter>
    </ClInclude>
    <ClInclude Include="include\OgrePageContentCollection.h">
      <Filter>Header Files</Filter>
    </ClInclude>
    <ClInclude Include="include\OgrePageContentCollectionFactory.h">
      <Filter>Header Files</Filter>
    </ClInclude>
    <ClInclude Include="include\OgrePageContentFactory.h">
      <Filter>Header Files</Filter>
    </ClInclude>
    <ClInclude Include="include\OgrePagedWorld.h">
      <Filter>Header Files</Filter>
    </ClInclude>
    <ClInclude Include="include\OgrePagedWorldSection.h">
      <Filter>Header Files</Filter>
    </ClInclude>
    <ClInclude Include="include\OgrePageFileFormats.h">
      <Filter>Header Files</Filter>
    </ClInclude>
    <ClInclude Include="include\OgrePageManager.h">
      <Filter>Header Files</Filter>
    </ClInclude>
    <ClInclude Include="include\OgrePageStrategy.h">
      <Filter>Header Files</Filter>
    </ClInclude>
    <ClInclude Include="include\OgrePaging.h">
      <Filter>Header Files</Filter>
    </ClInclude>
    <ClInclude Include="include\OgrePagingPrerequisites.h">
      <Filter>Header Files</Filter>
    </ClInclude>
    <ClInclude Include="include\OgreSimplePageContentCollection.h">
      <Filter>Header Files</Filter>
    </ClInclude>
  </ItemGroup>
  <ItemGroup>
    <Filter Include="Source Files">
      <UniqueIdentifier>{67517D9C-D66C-4A14-B093-C2E765528A2B}</UniqueIdentifier>
    </Filter>
    <Filter Include="Header Files">
      <UniqueIdentifier>{D45F155C-5FA9-40DA-92A5-B86C4137FB40}</UniqueIdentifier>
    </Filter>
  </ItemGroup>
</Project>
