<?xml version="1.0" encoding="utf-8"?>
<Project ToolsVersion="4.0" xmlns="http://schemas.microsoft.com/developer/msbuild/2003">
  <ItemGroup>
    <ClCompile Include="DemoKeeper.cpp">
      <Filter>Source Files</Filter>
    </ClCompile>
    <ClCompile Include="FadeNodeAnimator.cpp">
      <Filter>Source Files</Filter>
    </ClCompile>
    <ClCompile Include="Tesselator.cpp">
      <Filter>Source Files</Filter>
    </ClCompile>
    <ClCompile Include="WobbleNodeAnimator.cpp">
      <Filter>Source Files</Filter>
    </ClCompile>
    <ClCompile Include="MyGUI_RTTLayer.cpp">
      <Filter>Source Files\Layer</Filter>
    </ClCompile>
    <ClCompile Include="MyGUI_RTTLayerNode.cpp">
      <Filter>Source Files\Layer</Filter>
    </ClCompile>
  </ItemGroup>
  <ItemGroup>
    <ClInclude Include="DemoKeeper.h">
      <Filter>Header Files</Filter>
    </ClInclude>
    <ClInclude Include="FadeNodeAnimator.h">
      <Filter>Header Files</Filter>
    </ClInclude>
    <ClInclude Include="Tesselator.h">
      <Filter>Header Files</Filter>
    </ClInclude>
    <ClInclude Include="WobbleNodeAnimator.h">
      <Filter>Header Files</Filter>
    </ClInclude>
    <ClInclude Include="MyGUI_LayerNodeAnimation.h">
      <Filter>Header Files\Layer</Filter>
    </ClInclude>
    <ClInclude Include="MyGUI_RTTLayer.h">
      <Filter>Header Files\Layer</Filter>
    </ClInclude>
    <ClInclude Include="MyGUI_RTTLayerNode.h">
      <Filter>Header Files\Layer</Filter>
    </ClInclude>
  </ItemGroup>
  <ItemGroup>
    <CustomBuild Include="CMakeLists.txt">
      <Filter>Resources</Filter>
    </CustomBuild>
  </ItemGroup>
  <ItemGroup>
    <Filter Include="Header Files\Layer">
      <UniqueIdentifier>{713115A1-E525-4505-B6E8-1E50D568257A}</UniqueIdentifier>
    </Filter>
    <Filter Include="Source Files\Layer">
      <UniqueIdentifier>{DEAEEF0A-BF92-498D-ABDA-D589036D56D2}</UniqueIdentifier>
    </Filter>
    <Filter Include="Source Files">
      <UniqueIdentifier>{9C8058A4-9A89-4387-88FC-F822627BDB0C}</UniqueIdentifier>
    </Filter>
    <Filter Include="Header Files">
      <UniqueIdentifier>{75001DB6-E090-41D7-B532-4DB2126BE087}</UniqueIdentifier>
    </Filter>
    <Filter Include="Resources">
      <UniqueIdentifier>{0BDB892F-DB89-4B96-9178-CB22BF4ED119}</UniqueIdentifier>
    </Filter>
  </ItemGroup>
  <ItemGroup>
    <None Include="..\..\Common\Base\BaseResource.rc">
      <Filter>Resources</Filter>
    </None>
  </ItemGroup>
</Project>
