<?xml version="1.0" encoding="utf-8"?>
<Project ToolsVersion="4.0" xmlns="http://schemas.microsoft.com/developer/msbuild/2003">
  <ItemGroup>
    <ClCompile Include="BiIndexData.cpp">
      <Filter>Source Files</Filter>
    </ClCompile>
    <ClCompile Include="DemoKeeper.cpp">
      <Filter>Source Files</Filter>
    </ClCompile>
  </ItemGroup>
  <ItemGroup>
    <ClInclude Include="BiIndexData.h">
      <Filter>Header Files</Filter>
    </ClInclude>
    <ClInclude Include="DemoKeeper.h">
      <Filter>Header Files</Filter>
    </ClInclude>
    <ClInclude Include="Mirror_List.h">
      <Filter>Header Files</Filter>
    </ClInclude>
    <ClInclude Include="Mirror_MultiList.h">
      <Filter>Header Files</Filter>
    </ClInclude>
    <ClInclude Include="UnitTest_List.h">
      <Filter>Header Files</Filter>
    </ClInclude>
    <ClInclude Include="UnitTest_MultiList.h">
      <Filter>Header Files</Filter>
    </ClInclude>
  </ItemGroup>
  <ItemGroup>
    <CustomBuild Include="CMakeLists.txt">
      <Filter>Resources</Filter>
    </CustomBuild>
  </ItemGroup>
  <ItemGroup>
    <Filter Include="Source Files">
      <UniqueIdentifier>{9C8058A4-9A89-4387-88FC-F822627BDB0C}</UniqueIdentifier>
    </Filter>
    <Filter Include="Header Files">
      <UniqueIdentifier>{75001DB6-E090-41D7-B532-4DB2126BE087}</UniqueIdentifier>
    </Filter>
    <Filter Include="Resources">
      <UniqueIdentifier>{0BDB892F-DB89-4B96-9178-CB22BF4ED119}</UniqueIdentifier>
    </Filter>
  </ItemGroup>
  <ItemGroup>
    <None Include="..\..\Common\Base\BaseResource.rc">
      <Filter>Resources</Filter>
    </None>
  </ItemGroup>
</Project>
